// !$*UTF8*$!
{
	archiveVersion = 1;
	classes = {
	};
	objectVersion = 46;
	objects = {

/* Begin PBXBuildFile section */
		0F7E13821EA7B99800814AFF /* GTBaseFlowController.swift in Sources */ = {isa = PBXBuildFile; fileRef = 0F7E13811EA7B99800814AFF /* GTBaseFlowController.swift */; };
		0F7E13841EA7BAC700814AFF /* GTPlatformFlowController.swift in Sources */ = {isa = PBXBuildFile; fileRef = 0F7E13831EA7BAC700814AFF /* GTPlatformFlowController.swift */; };
		0F7E13891EA7BB2000814AFF /* GTBaseViewController.swift in Sources */ = {isa = PBXBuildFile; fileRef = 0F7E13881EA7BB2000814AFF /* GTBaseViewController.swift */; };
		0F7E138B1EA7BC0700814AFF /* GTFlowControllerProtocol.swift in Sources */ = {isa = PBXBuildFile; fileRef = 0F7E138A1EA7BC0700814AFF /* GTFlowControllerProtocol.swift */; };
		0F7E13921EA7BF7800814AFF /* GTLanguageSettingsViewController.swift in Sources */ = {isa = PBXBuildFile; fileRef = 0F7E13901EA7BF7800814AFF /* GTLanguageSettingsViewController.swift */; };
		0F7E13931EA7BF7800814AFF /* GTLanguageSettingsViewController.xib in Resources */ = {isa = PBXBuildFile; fileRef = 0F7E13911EA7BF7800814AFF /* GTLanguageSettingsViewController.xib */; };
		0F7E13971EA7F3A500814AFF /* GTButton.swift in Sources */ = {isa = PBXBuildFile; fileRef = 0F7E13961EA7F3A500814AFF /* GTButton.swift */; };
		0F7E13991EA7F3BE00814AFF /* GTBlueButton.swift in Sources */ = {isa = PBXBuildFile; fileRef = 0F7E13981EA7F3BE00814AFF /* GTBlueButton.swift */; };
		0F7E139E1EA7F78300814AFF /* GTConstants.swift in Sources */ = {isa = PBXBuildFile; fileRef = 0F7E139D1EA7F78300814AFF /* GTConstants.swift */; };
		0F7E13A11EA7FD4F00814AFF /* GTLabel.swift in Sources */ = {isa = PBXBuildFile; fileRef = 0F7E13A01EA7FD4F00814AFF /* GTLabel.swift */; };
		0F7E13A31EA7FD6600814AFF /* GTBlueLabel.swift in Sources */ = {isa = PBXBuildFile; fileRef = 0F7E13A21EA7FD6600814AFF /* GTBlueLabel.swift */; };
		0F7E13A51EA7FD7600814AFF /* GTBlackLabel.swift in Sources */ = {isa = PBXBuildFile; fileRef = 0F7E13A41EA7FD7600814AFF /* GTBlackLabel.swift */; };
		0F7E13A71EA7FD8700814AFF /* GTRedLabel.swift in Sources */ = {isa = PBXBuildFile; fileRef = 0F7E13A61EA7FD8700814AFF /* GTRedLabel.swift */; };
		0F7E13A91EA7FF1300814AFF /* GTBaseTableViewController.swift in Sources */ = {isa = PBXBuildFile; fileRef = 0F7E13A81EA7FF1300814AFF /* GTBaseTableViewController.swift */; };
		0F7E13AC1EA7FF6D00814AFF /* GTLanguagesTableViewController.swift in Sources */ = {isa = PBXBuildFile; fileRef = 0F7E13AA1EA7FF6D00814AFF /* GTLanguagesTableViewController.swift */; };
		0F7E13AD1EA7FF6D00814AFF /* GTLanguagesTableViewController.xib in Resources */ = {isa = PBXBuildFile; fileRef = 0F7E13AB1EA7FF6D00814AFF /* GTLanguagesTableViewController.xib */; };
		0F7E13B11EA8002100814AFF /* GTLanguageTableViewCell.swift in Sources */ = {isa = PBXBuildFile; fileRef = 0F7E13AF1EA8002100814AFF /* GTLanguageTableViewCell.swift */; };
		0F7E13B21EA8002100814AFF /* GTLanguageTableViewCell.xib in Resources */ = {isa = PBXBuildFile; fileRef = 0F7E13B01EA8002100814AFF /* GTLanguageTableViewCell.xib */; };
		1E06EB6DA916BEF9C627866F /* Pods_godtools.framework in Frameworks */ = {isa = PBXBuildFile; fileRef = D61FF360D11F854476B6E206 /* Pods_godtools.framework */; };
		4F57328D1EA69CF00082035C /* AppDelegate.swift in Sources */ = {isa = PBXBuildFile; fileRef = 4F57328C1EA69CF00082035C /* AppDelegate.swift */; };
		4F5732951EA69CF00082035C /* godtools.xcdatamodeld in Sources */ = {isa = PBXBuildFile; fileRef = 4F5732931EA69CF00082035C /* godtools.xcdatamodeld */; };
		4F5732971EA69CF00082035C /* Assets.xcassets in Resources */ = {isa = PBXBuildFile; fileRef = 4F5732961EA69CF00082035C /* Assets.xcassets */; };
		4F57329A1EA69CF00082035C /* LaunchScreen.storyboard in Resources */ = {isa = PBXBuildFile; fileRef = 4F5732981EA69CF00082035C /* LaunchScreen.storyboard */; };
/* End PBXBuildFile section */

/* Begin PBXFileReference section */
		0F7E13811EA7B99800814AFF /* GTBaseFlowController.swift */ = {isa = PBXFileReference; fileEncoding = 4; lastKnownFileType = sourcecode.swift; name = GTBaseFlowController.swift; path = FlowControllers/GTBaseFlowController.swift; sourceTree = "<group>"; };
		0F7E13831EA7BAC700814AFF /* GTPlatformFlowController.swift */ = {isa = PBXFileReference; fileEncoding = 4; lastKnownFileType = sourcecode.swift; name = GTPlatformFlowController.swift; path = FlowControllers/GTPlatformFlowController.swift; sourceTree = "<group>"; };
		0F7E13881EA7BB2000814AFF /* GTBaseViewController.swift */ = {isa = PBXFileReference; fileEncoding = 4; lastKnownFileType = sourcecode.swift; name = GTBaseViewController.swift; path = ViewControllers/GTBaseViewController.swift; sourceTree = "<group>"; };
		0F7E138A1EA7BC0700814AFF /* GTFlowControllerProtocol.swift */ = {isa = PBXFileReference; fileEncoding = 4; lastKnownFileType = sourcecode.swift; name = GTFlowControllerProtocol.swift; path = FlowControllers/GTFlowControllerProtocol.swift; sourceTree = "<group>"; };
		0F7E13901EA7BF7800814AFF /* GTLanguageSettingsViewController.swift */ = {isa = PBXFileReference; fileEncoding = 4; lastKnownFileType = sourcecode.swift; name = GTLanguageSettingsViewController.swift; path = ViewControllers/Platform/GTLanguageSettingsViewController.swift; sourceTree = "<group>"; };
		0F7E13911EA7BF7800814AFF /* GTLanguageSettingsViewController.xib */ = {isa = PBXFileReference; fileEncoding = 4; lastKnownFileType = file.xib; name = GTLanguageSettingsViewController.xib; path = ViewControllers/Platform/GTLanguageSettingsViewController.xib; sourceTree = "<group>"; };
		0F7E13961EA7F3A500814AFF /* GTButton.swift */ = {isa = PBXFileReference; fileEncoding = 4; lastKnownFileType = sourcecode.swift; name = GTButton.swift; path = Views/Buttons/GTButton.swift; sourceTree = "<group>"; };
		0F7E13981EA7F3BE00814AFF /* GTBlueButton.swift */ = {isa = PBXFileReference; fileEncoding = 4; lastKnownFileType = sourcecode.swift; name = GTBlueButton.swift; path = Views/Buttons/GTBlueButton.swift; sourceTree = "<group>"; };
		0F7E139D1EA7F78300814AFF /* GTConstants.swift */ = {isa = PBXFileReference; fileEncoding = 4; lastKnownFileType = sourcecode.swift; name = GTConstants.swift; path = Settings/GTConstants.swift; sourceTree = "<group>"; };
		0F7E13A01EA7FD4F00814AFF /* GTLabel.swift */ = {isa = PBXFileReference; fileEncoding = 4; lastKnownFileType = sourcecode.swift; name = GTLabel.swift; path = Views/Labels/GTLabel.swift; sourceTree = "<group>"; };
		0F7E13A21EA7FD6600814AFF /* GTBlueLabel.swift */ = {isa = PBXFileReference; fileEncoding = 4; lastKnownFileType = sourcecode.swift; name = GTBlueLabel.swift; path = Views/Labels/GTBlueLabel.swift; sourceTree = "<group>"; };
		0F7E13A41EA7FD7600814AFF /* GTBlackLabel.swift */ = {isa = PBXFileReference; fileEncoding = 4; lastKnownFileType = sourcecode.swift; name = GTBlackLabel.swift; path = Views/Labels/GTBlackLabel.swift; sourceTree = "<group>"; };
		0F7E13A61EA7FD8700814AFF /* GTRedLabel.swift */ = {isa = PBXFileReference; fileEncoding = 4; lastKnownFileType = sourcecode.swift; name = GTRedLabel.swift; path = Views/Labels/GTRedLabel.swift; sourceTree = "<group>"; };
		0F7E13A81EA7FF1300814AFF /* GTBaseTableViewController.swift */ = {isa = PBXFileReference; fileEncoding = 4; lastKnownFileType = sourcecode.swift; name = GTBaseTableViewController.swift; path = ViewControllers/GTBaseTableViewController.swift; sourceTree = "<group>"; };
		0F7E13AA1EA7FF6D00814AFF /* GTLanguagesTableViewController.swift */ = {isa = PBXFileReference; fileEncoding = 4; lastKnownFileType = sourcecode.swift; name = GTLanguagesTableViewController.swift; path = ViewControllers/Platform/GTLanguagesTableViewController.swift; sourceTree = "<group>"; };
		0F7E13AB1EA7FF6D00814AFF /* GTLanguagesTableViewController.xib */ = {isa = PBXFileReference; fileEncoding = 4; lastKnownFileType = file.xib; name = GTLanguagesTableViewController.xib; path = ViewControllers/Platform/GTLanguagesTableViewController.xib; sourceTree = "<group>"; };
		0F7E13AF1EA8002100814AFF /* GTLanguageTableViewCell.swift */ = {isa = PBXFileReference; fileEncoding = 4; lastKnownFileType = sourcecode.swift; name = GTLanguageTableViewCell.swift; path = Views/Cells/GTLanguageTableViewCell.swift; sourceTree = "<group>"; };
		0F7E13B01EA8002100814AFF /* GTLanguageTableViewCell.xib */ = {isa = PBXFileReference; fileEncoding = 4; lastKnownFileType = file.xib; name = GTLanguageTableViewCell.xib; path = Views/Cells/GTLanguageTableViewCell.xib; sourceTree = "<group>"; };
		3795EC9D424F0613AD8AF610 /* Pods-godtools.release.xcconfig */ = {isa = PBXFileReference; includeInIndex = 1; lastKnownFileType = text.xcconfig; name = "Pods-godtools.release.xcconfig"; path = "Pods/Target Support Files/Pods-godtools/Pods-godtools.release.xcconfig"; sourceTree = "<group>"; };
		4F5732891EA69CF00082035C /* godtools.app */ = {isa = PBXFileReference; explicitFileType = wrapper.application; includeInIndex = 0; path = godtools.app; sourceTree = BUILT_PRODUCTS_DIR; };
		4F57328C1EA69CF00082035C /* AppDelegate.swift */ = {isa = PBXFileReference; lastKnownFileType = sourcecode.swift; path = AppDelegate.swift; sourceTree = "<group>"; };
		4F5732941EA69CF00082035C /* godtools.xcdatamodel */ = {isa = PBXFileReference; lastKnownFileType = wrapper.xcdatamodel; path = godtools.xcdatamodel; sourceTree = "<group>"; };
		4F5732961EA69CF00082035C /* Assets.xcassets */ = {isa = PBXFileReference; lastKnownFileType = folder.assetcatalog; path = Assets.xcassets; sourceTree = "<group>"; };
		4F5732991EA69CF00082035C /* Base */ = {isa = PBXFileReference; lastKnownFileType = file.storyboard; name = Base; path = Base.lproj/LaunchScreen.storyboard; sourceTree = "<group>"; };
		4F57329B1EA69CF00082035C /* Info.plist */ = {isa = PBXFileReference; lastKnownFileType = text.plist.xml; path = Info.plist; sourceTree = "<group>"; };
		B03BA6AC6918BE450406F1E6 /* Pods-godtools.debug.xcconfig */ = {isa = PBXFileReference; includeInIndex = 1; lastKnownFileType = text.xcconfig; name = "Pods-godtools.debug.xcconfig"; path = "Pods/Target Support Files/Pods-godtools/Pods-godtools.debug.xcconfig"; sourceTree = "<group>"; };
		D61FF360D11F854476B6E206 /* Pods_godtools.framework */ = {isa = PBXFileReference; explicitFileType = wrapper.framework; includeInIndex = 0; path = Pods_godtools.framework; sourceTree = BUILT_PRODUCTS_DIR; };
/* End PBXFileReference section */

/* Begin PBXFrameworksBuildPhase section */
		4F5732861EA69CF00082035C /* Frameworks */ = {
			isa = PBXFrameworksBuildPhase;
			buildActionMask = 2147483647;
			files = (
				1E06EB6DA916BEF9C627866F /* Pods_godtools.framework in Frameworks */,
			);
			runOnlyForDeploymentPostprocessing = 0;
		};
/* End PBXFrameworksBuildPhase section */

/* Begin PBXGroup section */
		0D9B3E5467200B09BA255F79 /* Pods */ = {
			isa = PBXGroup;
			children = (
				B03BA6AC6918BE450406F1E6 /* Pods-godtools.debug.xcconfig */,
				3795EC9D424F0613AD8AF610 /* Pods-godtools.release.xcconfig */,
			);
			name = Pods;
			sourceTree = "<group>";
		};
		0F7E13801EA7B95400814AFF /* FlowControllers */ = {
			isa = PBXGroup;
			children = (
				0F7E138C1EA7BCEF00814AFF /* Protocols */,
				0F7E13811EA7B99800814AFF /* GTBaseFlowController.swift */,
				0F7E13831EA7BAC700814AFF /* GTPlatformFlowController.swift */,
			);
			name = FlowControllers;
			sourceTree = "<group>";
		};
		0F7E13851EA7BAE100814AFF /* ViewControllers */ = {
			isa = PBXGroup;
			children = (
				0F7E138D1EA7BF3300814AFF /* Platform */,
				0F7E13881EA7BB2000814AFF /* GTBaseViewController.swift */,
				0F7E13A81EA7FF1300814AFF /* GTBaseTableViewController.swift */,
			);
			name = ViewControllers;
			sourceTree = "<group>";
		};
		0F7E138C1EA7BCEF00814AFF /* Protocols */ = {
			isa = PBXGroup;
			children = (
				0F7E138A1EA7BC0700814AFF /* GTFlowControllerProtocol.swift */,
			);
			name = Protocols;
			sourceTree = "<group>";
		};
		0F7E138D1EA7BF3300814AFF /* Platform */ = {
			isa = PBXGroup;
			children = (
				0F7E13901EA7BF7800814AFF /* GTLanguageSettingsViewController.swift */,
				0F7E13911EA7BF7800814AFF /* GTLanguageSettingsViewController.xib */,
				0F7E13AA1EA7FF6D00814AFF /* GTLanguagesTableViewController.swift */,
				0F7E13AB1EA7FF6D00814AFF /* GTLanguagesTableViewController.xib */,
			);
			name = Platform;
			sourceTree = "<group>";
		};
		0F7E13941EA7F37200814AFF /* Views */ = {
			isa = PBXGroup;
			children = (
				0F7E13951EA7F37900814AFF /* Buttons */,
				0F7E13AE1EA7FFA600814AFF /* Cells */,
				0F7E139F1EA7FD3100814AFF /* Labels */,
			);
			name = Views;
			sourceTree = "<group>";
		};
		0F7E13951EA7F37900814AFF /* Buttons */ = {
			isa = PBXGroup;
			children = (
				0F7E13961EA7F3A500814AFF /* GTButton.swift */,
				0F7E13981EA7F3BE00814AFF /* GTBlueButton.swift */,
			);
			name = Buttons;
			sourceTree = "<group>";
		};
		0F7E139A1EA7F6C300814AFF /* Settings */ = {
			isa = PBXGroup;
			children = (
				0F7E139D1EA7F78300814AFF /* GTConstants.swift */,
			);
			name = Settings;
			sourceTree = "<group>";
		};
		0F7E139F1EA7FD3100814AFF /* Labels */ = {
			isa = PBXGroup;
			children = (
				0F7E13A01EA7FD4F00814AFF /* GTLabel.swift */,
				0F7E13A21EA7FD6600814AFF /* GTBlueLabel.swift */,
				0F7E13A41EA7FD7600814AFF /* GTBlackLabel.swift */,
				0F7E13A61EA7FD8700814AFF /* GTRedLabel.swift */,
			);
			name = Labels;
			sourceTree = "<group>";
		};
		0F7E13AE1EA7FFA600814AFF /* Cells */ = {
			isa = PBXGroup;
			children = (
				0F7E13AF1EA8002100814AFF /* GTLanguageTableViewCell.swift */,
				0F7E13B01EA8002100814AFF /* GTLanguageTableViewCell.xib */,
			);
			name = Cells;
			sourceTree = "<group>";
		};
		20ECC28E617DF10976739E6B /* Frameworks */ = {
			isa = PBXGroup;
			children = (
				D61FF360D11F854476B6E206 /* Pods_godtools.framework */,
			);
			name = Frameworks;
			sourceTree = "<group>";
		};
		4F5732801EA69CF00082035C = {
			isa = PBXGroup;
			children = (
				4F57328B1EA69CF00082035C /* godtools */,
				4F57328A1EA69CF00082035C /* Products */,
				0D9B3E5467200B09BA255F79 /* Pods */,
				20ECC28E617DF10976739E6B /* Frameworks */,
			);
			sourceTree = "<group>";
		};
		4F57328A1EA69CF00082035C /* Products */ = {
			isa = PBXGroup;
			children = (
				4F5732891EA69CF00082035C /* godtools.app */,
			);
			name = Products;
			sourceTree = "<group>";
		};
		4F57328B1EA69CF00082035C /* godtools */ = {
			isa = PBXGroup;
			children = (
				0F7E139A1EA7F6C300814AFF /* Settings */,
				0F7E13941EA7F37200814AFF /* Views */,
				0F7E13801EA7B95400814AFF /* FlowControllers */,
				0F7E13851EA7BAE100814AFF /* ViewControllers */,
				4F57328C1EA69CF00082035C /* AppDelegate.swift */,
				4F5732961EA69CF00082035C /* Assets.xcassets */,
				4F5732981EA69CF00082035C /* LaunchScreen.storyboard */,
				4F57329B1EA69CF00082035C /* Info.plist */,
				4F5732931EA69CF00082035C /* godtools.xcdatamodeld */,
			);
			path = godtools;
			sourceTree = "<group>";
		};
/* End PBXGroup section */

/* Begin PBXNativeTarget section */
		4F5732881EA69CF00082035C /* godtools */ = {
			isa = PBXNativeTarget;
			buildConfigurationList = 4F57329E1EA69CF00082035C /* Build configuration list for PBXNativeTarget "godtools" */;
			buildPhases = (
				200BFD1DAA90A6ADFADFF5CD /* [CP] Check Pods Manifest.lock */,
				4F5732851EA69CF00082035C /* Sources */,
				4F5732861EA69CF00082035C /* Frameworks */,
				4F5732871EA69CF00082035C /* Resources */,
				D28899168EA8F78D5A9CD0D1 /* [CP] Embed Pods Frameworks */,
				23565315AB9417BD82C7FE1A /* [CP] Copy Pods Resources */,
			);
			buildRules = (
			);
			dependencies = (
			);
			name = godtools;
			productName = godtools;
			productReference = 4F5732891EA69CF00082035C /* godtools.app */;
			productType = "com.apple.product-type.application";
		};
/* End PBXNativeTarget section */

/* Begin PBXProject section */
		4F5732811EA69CF00082035C /* Project object */ = {
			isa = PBXProject;
			attributes = {
				LastSwiftUpdateCheck = 0820;
				LastUpgradeCheck = 0820;
				ORGANIZATIONNAME = Cru;
				TargetAttributes = {
					4F5732881EA69CF00082035C = {
						CreatedOnToolsVersion = 8.2.1;
						DevelopmentTeam = DQ48D9BF2V;
						ProvisioningStyle = Automatic;
					};
				};
			};
			buildConfigurationList = 4F5732841EA69CF00082035C /* Build configuration list for PBXProject "godtools" */;
			compatibilityVersion = "Xcode 3.2";
			developmentRegion = English;
			hasScannedForEncodings = 0;
			knownRegions = (
				en,
				Base,
			);
			mainGroup = 4F5732801EA69CF00082035C;
			productRefGroup = 4F57328A1EA69CF00082035C /* Products */;
			projectDirPath = "";
			projectRoot = "";
			targets = (
				4F5732881EA69CF00082035C /* godtools */,
			);
		};
/* End PBXProject section */

/* Begin PBXResourcesBuildPhase section */
		4F5732871EA69CF00082035C /* Resources */ = {
			isa = PBXResourcesBuildPhase;
			buildActionMask = 2147483647;
			files = (
				0F7E13931EA7BF7800814AFF /* GTLanguageSettingsViewController.xib in Resources */,
				0F7E13AD1EA7FF6D00814AFF /* GTLanguagesTableViewController.xib in Resources */,
				4F57329A1EA69CF00082035C /* LaunchScreen.storyboard in Resources */,
				4F5732971EA69CF00082035C /* Assets.xcassets in Resources */,
				0F7E13B21EA8002100814AFF /* GTLanguageTableViewCell.xib in Resources */,
			);
			runOnlyForDeploymentPostprocessing = 0;
		};
/* End PBXResourcesBuildPhase section */

/* Begin PBXShellScriptBuildPhase section */
		200BFD1DAA90A6ADFADFF5CD /* [CP] Check Pods Manifest.lock */ = {
			isa = PBXShellScriptBuildPhase;
			buildActionMask = 2147483647;
			files = (
			);
			inputPaths = (
			);
			name = "[CP] Check Pods Manifest.lock";
			outputPaths = (
			);
			runOnlyForDeploymentPostprocessing = 0;
			shellPath = /bin/sh;
			shellScript = "diff \"${PODS_PODFILE_DIR_PATH}/Podfile.lock\" \"${PODS_ROOT}/Manifest.lock\" > /dev/null\nif [ $? != 0 ] ; then\n    # print error to STDERR\n    echo \"error: The sandbox is not in sync with the Podfile.lock. Run 'pod install' or update your CocoaPods installation.\" >&2\n    exit 1\nfi\n";
			showEnvVarsInLog = 0;
		};
		23565315AB9417BD82C7FE1A /* [CP] Copy Pods Resources */ = {
			isa = PBXShellScriptBuildPhase;
			buildActionMask = 2147483647;
			files = (
			);
			inputPaths = (
			);
			name = "[CP] Copy Pods Resources";
			outputPaths = (
			);
			runOnlyForDeploymentPostprocessing = 0;
			shellPath = /bin/sh;
			shellScript = "\"${SRCROOT}/Pods/Target Support Files/Pods-godtools/Pods-godtools-resources.sh\"\n";
			showEnvVarsInLog = 0;
		};
		D28899168EA8F78D5A9CD0D1 /* [CP] Embed Pods Frameworks */ = {
			isa = PBXShellScriptBuildPhase;
			buildActionMask = 2147483647;
			files = (
			);
			inputPaths = (
			);
			name = "[CP] Embed Pods Frameworks";
			outputPaths = (
			);
			runOnlyForDeploymentPostprocessing = 0;
			shellPath = /bin/sh;
			shellScript = "\"${SRCROOT}/Pods/Target Support Files/Pods-godtools/Pods-godtools-frameworks.sh\"\n";
			showEnvVarsInLog = 0;
		};
/* End PBXShellScriptBuildPhase section */

/* Begin PBXSourcesBuildPhase section */
		4F5732851EA69CF00082035C /* Sources */ = {
			isa = PBXSourcesBuildPhase;
			buildActionMask = 2147483647;
			files = (
				0F7E13991EA7F3BE00814AFF /* GTBlueButton.swift in Sources */,
				0F7E13A51EA7FD7600814AFF /* GTBlackLabel.swift in Sources */,
				0F7E13921EA7BF7800814AFF /* GTLanguageSettingsViewController.swift in Sources */,
				0F7E13841EA7BAC700814AFF /* GTPlatformFlowController.swift in Sources */,
				0F7E13A31EA7FD6600814AFF /* GTBlueLabel.swift in Sources */,
				0F7E13A11EA7FD4F00814AFF /* GTLabel.swift in Sources */,
				0F7E138B1EA7BC0700814AFF /* GTFlowControllerProtocol.swift in Sources */,
				0F7E13A91EA7FF1300814AFF /* GTBaseTableViewController.swift in Sources */,
				0F7E13AC1EA7FF6D00814AFF /* GTLanguagesTableViewController.swift in Sources */,
				0F7E13891EA7BB2000814AFF /* GTBaseViewController.swift in Sources */,
				4F5732951EA69CF00082035C /* godtools.xcdatamodeld in Sources */,
				0F7E13B11EA8002100814AFF /* GTLanguageTableViewCell.swift in Sources */,
				0F7E13A71EA7FD8700814AFF /* GTRedLabel.swift in Sources */,
				4F57328D1EA69CF00082035C /* AppDelegate.swift in Sources */,
				0F7E139E1EA7F78300814AFF /* GTConstants.swift in Sources */,
				0F7E13971EA7F3A500814AFF /* GTButton.swift in Sources */,
				0F7E13821EA7B99800814AFF /* GTBaseFlowController.swift in Sources */,
			);
			runOnlyForDeploymentPostprocessing = 0;
		};
/* End PBXSourcesBuildPhase section */

/* Begin PBXVariantGroup section */
		4F5732981EA69CF00082035C /* LaunchScreen.storyboard */ = {
			isa = PBXVariantGroup;
			children = (
				4F5732991EA69CF00082035C /* Base */,
			);
			name = LaunchScreen.storyboard;
			sourceTree = "<group>";
		};
/* End PBXVariantGroup section */

/* Begin XCBuildConfiguration section */
		4F57329C1EA69CF00082035C /* Debug */ = {
			isa = XCBuildConfiguration;
			buildSettings = {
				ALWAYS_SEARCH_USER_PATHS = NO;
				CLANG_ANALYZER_NONNULL = YES;
				CLANG_CXX_LANGUAGE_STANDARD = "gnu++0x";
				CLANG_CXX_LIBRARY = "libc++";
				CLANG_ENABLE_MODULES = YES;
				CLANG_ENABLE_OBJC_ARC = YES;
				CLANG_WARN_BOOL_CONVERSION = YES;
				CLANG_WARN_CONSTANT_CONVERSION = YES;
				CLANG_WARN_DIRECT_OBJC_ISA_USAGE = YES_ERROR;
				CLANG_WARN_DOCUMENTATION_COMMENTS = YES;
				CLANG_WARN_EMPTY_BODY = YES;
				CLANG_WARN_ENUM_CONVERSION = YES;
				CLANG_WARN_INFINITE_RECURSION = YES;
				CLANG_WARN_INT_CONVERSION = YES;
				CLANG_WARN_OBJC_ROOT_CLASS = YES_ERROR;
				CLANG_WARN_SUSPICIOUS_MOVE = YES;
				CLANG_WARN_UNREACHABLE_CODE = YES;
				CLANG_WARN__DUPLICATE_METHOD_MATCH = YES;
				"CODE_SIGN_IDENTITY[sdk=iphoneos*]" = "iPhone Developer";
				COPY_PHASE_STRIP = NO;
				DEBUG_INFORMATION_FORMAT = dwarf;
				ENABLE_STRICT_OBJC_MSGSEND = YES;
				ENABLE_TESTABILITY = YES;
				GCC_C_LANGUAGE_STANDARD = gnu99;
				GCC_DYNAMIC_NO_PIC = NO;
				GCC_NO_COMMON_BLOCKS = YES;
				GCC_OPTIMIZATION_LEVEL = 0;
				GCC_PREPROCESSOR_DEFINITIONS = (
					"DEBUG=1",
					"$(inherited)",
				);
				GCC_WARN_64_TO_32_BIT_CONVERSION = YES;
				GCC_WARN_ABOUT_RETURN_TYPE = YES_ERROR;
				GCC_WARN_UNDECLARED_SELECTOR = YES;
				GCC_WARN_UNINITIALIZED_AUTOS = YES_AGGRESSIVE;
				GCC_WARN_UNUSED_FUNCTION = YES;
				GCC_WARN_UNUSED_VARIABLE = YES;
				IPHONEOS_DEPLOYMENT_TARGET = 9.0;
				MTL_ENABLE_DEBUG_INFO = YES;
				ONLY_ACTIVE_ARCH = YES;
				SDKROOT = iphoneos;
				SWIFT_ACTIVE_COMPILATION_CONDITIONS = DEBUG;
				SWIFT_OPTIMIZATION_LEVEL = "-Onone";
			};
			name = Debug;
		};
		4F57329D1EA69CF00082035C /* Release */ = {
			isa = XCBuildConfiguration;
			buildSettings = {
				ALWAYS_SEARCH_USER_PATHS = NO;
				CLANG_ANALYZER_NONNULL = YES;
				CLANG_CXX_LANGUAGE_STANDARD = "gnu++0x";
				CLANG_CXX_LIBRARY = "libc++";
				CLANG_ENABLE_MODULES = YES;
				CLANG_ENABLE_OBJC_ARC = YES;
				CLANG_WARN_BOOL_CONVERSION = YES;
				CLANG_WARN_CONSTANT_CONVERSION = YES;
				CLANG_WARN_DIRECT_OBJC_ISA_USAGE = YES_ERROR;
				CLANG_WARN_DOCUMENTATION_COMMENTS = YES;
				CLANG_WARN_EMPTY_BODY = YES;
				CLANG_WARN_ENUM_CONVERSION = YES;
				CLANG_WARN_INFINITE_RECURSION = YES;
				CLANG_WARN_INT_CONVERSION = YES;
				CLANG_WARN_OBJC_ROOT_CLASS = YES_ERROR;
				CLANG_WARN_SUSPICIOUS_MOVE = YES;
				CLANG_WARN_UNREACHABLE_CODE = YES;
				CLANG_WARN__DUPLICATE_METHOD_MATCH = YES;
				"CODE_SIGN_IDENTITY[sdk=iphoneos*]" = "iPhone Developer";
				COPY_PHASE_STRIP = NO;
				DEBUG_INFORMATION_FORMAT = "dwarf-with-dsym";
				ENABLE_NS_ASSERTIONS = NO;
				ENABLE_STRICT_OBJC_MSGSEND = YES;
				GCC_C_LANGUAGE_STANDARD = gnu99;
				GCC_NO_COMMON_BLOCKS = YES;
				GCC_WARN_64_TO_32_BIT_CONVERSION = YES;
				GCC_WARN_ABOUT_RETURN_TYPE = YES_ERROR;
				GCC_WARN_UNDECLARED_SELECTOR = YES;
				GCC_WARN_UNINITIALIZED_AUTOS = YES_AGGRESSIVE;
				GCC_WARN_UNUSED_FUNCTION = YES;
				GCC_WARN_UNUSED_VARIABLE = YES;
				IPHONEOS_DEPLOYMENT_TARGET = 9.0;
				MTL_ENABLE_DEBUG_INFO = NO;
				SDKROOT = iphoneos;
				SWIFT_OPTIMIZATION_LEVEL = "-Owholemodule";
				VALIDATE_PRODUCT = YES;
			};
			name = Release;
		};
		4F57329F1EA69CF00082035C /* Debug */ = {
			isa = XCBuildConfiguration;
			baseConfigurationReference = B03BA6AC6918BE450406F1E6 /* Pods-godtools.debug.xcconfig */;
			buildSettings = {
				ASSETCATALOG_COMPILER_APPICON_NAME = AppIcon;
				DEVELOPMENT_TEAM = DQ48D9BF2V;
				INFOPLIST_FILE = godtools/Info.plist;
				LD_RUNPATH_SEARCH_PATHS = "$(inherited) @executable_path/Frameworks";
				PRODUCT_BUNDLE_IDENTIFIER = org.cru.godtools;
				PRODUCT_NAME = "$(TARGET_NAME)";
				SWIFT_VERSION = 3.0;
			};
			name = Debug;
		};
		4F5732A01EA69CF00082035C /* Release */ = {
			isa = XCBuildConfiguration;
			baseConfigurationReference = 3795EC9D424F0613AD8AF610 /* Pods-godtools.release.xcconfig */;
			buildSettings = {
				ASSETCATALOG_COMPILER_APPICON_NAME = AppIcon;
				DEVELOPMENT_TEAM = DQ48D9BF2V;
				INFOPLIST_FILE = godtools/Info.plist;
				LD_RUNPATH_SEARCH_PATHS = "$(inherited) @executable_path/Frameworks";
				PRODUCT_BUNDLE_IDENTIFIER = org.cru.godtools;
				PRODUCT_NAME = "$(TARGET_NAME)";
				SWIFT_VERSION = 3.0;
			};
			name = Release;
		};
/* End XCBuildConfiguration section */

/* Begin XCConfigurationList section */
		4F5732841EA69CF00082035C /* Build configuration list for PBXProject "godtools" */ = {
			isa = XCConfigurationList;
			buildConfigurations = (
				4F57329C1EA69CF00082035C /* Debug */,
				4F57329D1EA69CF00082035C /* Release */,
			);
			defaultConfigurationIsVisible = 0;
			defaultConfigurationName = Release;
		};
		4F57329E1EA69CF00082035C /* Build configuration list for PBXNativeTarget "godtools" */ = {
			isa = XCConfigurationList;
			buildConfigurations = (
				4F57329F1EA69CF00082035C /* Debug */,
				4F5732A01EA69CF00082035C /* Release */,
			);
			defaultConfigurationIsVisible = 0;
			defaultConfigurationName = Release;
		};
/* End XCConfigurationList section */

/* Begin XCVersionGroup section */
		4F5732931EA69CF00082035C /* godtools.xcdatamodeld */ = {
			isa = XCVersionGroup;
			children = (
				4F5732941EA69CF00082035C /* godtools.xcdatamodel */,
			);
			currentVersion = 4F5732941EA69CF00082035C /* godtools.xcdatamodel */;
			path = godtools.xcdatamodeld;
			sourceTree = "<group>";
			versionGroupType = wrapper.xcdatamodel;
		};
/* End XCVersionGroup section */
	};
	rootObject = 4F5732811EA69CF00082035C /* Project object */;
}
