PODS:
  - GodToolsShared (1.2.0-PR799-SNAPSHOT)

DEPENDENCIES:
  - GodToolsShared (= 1.2.0-PR799-SNAPSHOT)

SPEC REPOS:
  https://github.com/CruGlobal/cocoapods-specs.git:
    - GodToolsShared

SPEC CHECKSUMS:
  GodToolsShared: 7e7bc561f97ebdb976841b402e45e5cfbb996aa9

PODFILE CHECKSUM: 42ce44d75f9d54ebf747ce1cb0d1b9d5b2b82814

COCOAPODS: 1.16.2
