PODS:
  - GodToolsShared (1.2.0-PR795-SNAPSHOT)

DEPENDENCIES:
  - GodToolsShared (= 1.2.0-PR795-SNAPSHOT)

SPEC REPOS:
  https://github.com/CruGlobal/cocoapods-specs.git:
    - GodToolsShared

SPEC CHECKSUMS:
  GodToolsShared: 8eb9105c3ed5128643a302a8208ad63da3c14655

PODFILE CHECKSUM: 1f2454cd6f8e713a525655d06be9cdd01bb3bb99

COCOAPODS: 1.16.2
