// !$*UTF8*$!
{
	archiveVersion = 1;
	classes = {
	};
	objectVersion = 46;
	objects = {

/* Begin PBXBuildFile section */
		4F0405191DB1043700B8576E /* MetaResponseHandler.swift in Sources */ = {isa = PBXBuildFile; fileRef = 4F0405181DB1043700B8576E /* MetaResponseHandler.swift */; };
		4F04053D1DB1078A00B8576E /* GodToolsPersistence.swift in Sources */ = {isa = PBXBuildFile; fileRef = 4F04053C1DB1078A00B8576E /* GodToolsPersistence.swift */; };
		4F170FFD1DDFB2070057D693 /* GTModel.xcdatamodeld in Sources */ = {isa = PBXBuildFile; fileRef = 4F170FF91DDFB2070057D693 /* GTModel.xcdatamodeld */; };
		4F17100B1DDFB36F0057D693 /* GTFollowUpSubscription+CoreDataClass.m in Sources */ = {isa = PBXBuildFile; fileRef = 4F1710001DDFB36F0057D693 /* GTFollowUpSubscription+CoreDataClass.m */; };
		4F17100C1DDFB36F0057D693 /* GTFollowUpSubscription+CoreDataProperties.m in Sources */ = {isa = PBXBuildFile; fileRef = 4F1710021DDFB36F0057D693 /* GTFollowUpSubscription+CoreDataProperties.m */; };
		4F17100D1DDFB36F0057D693 /* GTPackage+CoreDataClass.m in Sources */ = {isa = PBXBuildFile; fileRef = 4F1710041DDFB36F0057D693 /* GTPackage+CoreDataClass.m */; };
		4F17100E1DDFB36F0057D693 /* GTPackage+CoreDataProperties.m in Sources */ = {isa = PBXBuildFile; fileRef = 4F1710061DDFB36F0057D693 /* GTPackage+CoreDataProperties.m */; };
		4F17100F1DDFB36F0057D693 /* GTLanguage+CoreDataClass.m in Sources */ = {isa = PBXBuildFile; fileRef = 4F1710081DDFB36F0057D693 /* GTLanguage+CoreDataClass.m */; };
		4F1710101DDFB36F0057D693 /* GTLanguage+CoreDataProperties.m in Sources */ = {isa = PBXBuildFile; fileRef = 4F17100A1DDFB36F0057D693 /* GTLanguage+CoreDataProperties.m */; };
		4F1710121DDFB4750057D693 /* GodToolsDataMigration.swift in Sources */ = {isa = PBXBuildFile; fileRef = 4F1710111DDFB4750057D693 /* GodToolsDataMigration.swift */; };
		4F1710141DDFB5090057D693 /* GTLegacyPersistence.swift in Sources */ = {isa = PBXBuildFile; fileRef = 4F1710131DDFB5090057D693 /* GTLegacyPersistence.swift */; };
		4F2A69671DD21DA300673FA1 /* GTFileLoader.m in Sources */ = {isa = PBXBuildFile; fileRef = 4F2A692C1DD21DA300673FA1 /* GTFileLoader.m */; };
		4F2A69681DD21DA300673FA1 /* GTFollowupModalView.m in Sources */ = {isa = PBXBuildFile; fileRef = 4F2A692E1DD21DA300673FA1 /* GTFollowupModalView.m */; };
		4F2A69691DD21DA300673FA1 /* GTFollowupThankYouView.m in Sources */ = {isa = PBXBuildFile; fileRef = 4F2A69301DD21DA300673FA1 /* GTFollowupThankYouView.m */; };
		4F2A696A1DD21DA300673FA1 /* GTInputFieldView.m in Sources */ = {isa = PBXBuildFile; fileRef = 4F2A69321DD21DA300673FA1 /* GTInputFieldView.m */; };
		4F2A696B1DD21DA300673FA1 /* GTLabel.m in Sources */ = {isa = PBXBuildFile; fileRef = 4F2A69341DD21DA300673FA1 /* GTLabel.m */; };
		4F2A696C1DD21DA300673FA1 /* GTMultiButtonResponseView.m in Sources */ = {isa = PBXBuildFile; fileRef = 4F2A69361DD21DA300673FA1 /* GTMultiButtonResponseView.m */; };
		4F2A696D1DD21DA300673FA1 /* GTShareInfo.m in Sources */ = {isa = PBXBuildFile; fileRef = 4F2A69381DD21DA300673FA1 /* GTShareInfo.m */; };
		4F2A696E1DD21DA300673FA1 /* GTShareViewController.m in Sources */ = {isa = PBXBuildFile; fileRef = 4F2A693A1DD21DA300673FA1 /* GTShareViewController.m */; };
		4F2A696F1DD21DA300673FA1 /* SNInstructions.m in Sources */ = {isa = PBXBuildFile; fileRef = 4F2A693C1DD21DA300673FA1 /* SNInstructions.m */; };
		4F2A69701DD21DA300673FA1 /* UIDisclosureIndicator.m in Sources */ = {isa = PBXBuildFile; fileRef = 4F2A693E1DD21DA300673FA1 /* UIDisclosureIndicator.m */; };
		4F2A69711DD21DA300673FA1 /* UIRoundedView.m in Sources */ = {isa = PBXBuildFile; fileRef = 4F2A69401DD21DA300673FA1 /* UIRoundedView.m */; };
		4F2A69721DD21DA300673FA1 /* UISnuffleButton.m in Sources */ = {isa = PBXBuildFile; fileRef = 4F2A69421DD21DA300673FA1 /* UISnuffleButton.m */; };
		4F2A69731DD21DA300673FA1 /* UISnufflePanel.m in Sources */ = {isa = PBXBuildFile; fileRef = 4F2A69441DD21DA300673FA1 /* UISnufflePanel.m */; };
		4F2A69741DD21DA300673FA1 /* GTFollowupViewController.m in Sources */ = {isa = PBXBuildFile; fileRef = 4F2A69471DD21DA300673FA1 /* GTFollowupViewController.m */; };
		4F2A69751DD21DA300673FA1 /* GTPageMenuViewController.m in Sources */ = {isa = PBXBuildFile; fileRef = 4F2A69491DD21DA300673FA1 /* GTPageMenuViewController.m */; };
		4F2A69761DD21DA300673FA1 /* GTPageMenuViewController.xib in Resources */ = {isa = PBXBuildFile; fileRef = 4F2A694A1DD21DA300673FA1 /* GTPageMenuViewController.xib */; };
		4F2A69771DD21DA300673FA1 /* GTViewController.m in Sources */ = {isa = PBXBuildFile; fileRef = 4F2A694C1DD21DA300673FA1 /* GTViewController.m */; };
		4F2A69781DD21DA300673FA1 /* GTViewController.xib in Resources */ = {isa = PBXBuildFile; fileRef = 4F2A694D1DD21DA300673FA1 /* GTViewController.xib */; };
		4F2A697A1DD21DA300673FA1 /* GTAboutViewController.m in Sources */ = {isa = PBXBuildFile; fileRef = 4F2A69521DD21DA300673FA1 /* GTAboutViewController.m */; };
		4F2A697B1DD21DA300673FA1 /* GTAboutViewController.xib in Resources */ = {isa = PBXBuildFile; fileRef = 4F2A69531DD21DA300673FA1 /* GTAboutViewController.xib */; };
		4F2A697C1DD21DA300673FA1 /* GTInterpreter.m in Sources */ = {isa = PBXBuildFile; fileRef = 4F2A69561DD21DA300673FA1 /* GTInterpreter.m */; };
		4F2A697D1DD21DA300673FA1 /* GTPage.m in Sources */ = {isa = PBXBuildFile; fileRef = 4F2A69581DD21DA300673FA1 /* GTPage.m */; };
		4F2A697E1DD21DA300673FA1 /* GTPage.xib in Resources */ = {isa = PBXBuildFile; fileRef = 4F2A69591DD21DA300673FA1 /* GTPage.xib */; };
		4F2A697F1DD21DA300673FA1 /* GTPageInterpreter.m in Sources */ = {isa = PBXBuildFile; fileRef = 4F2A695B1DD21DA300673FA1 /* GTPageInterpreter.m */; };
		4F2A69801DD21DA300673FA1 /* GTPageStyle.m in Sources */ = {isa = PBXBuildFile; fileRef = 4F2A695D1DD21DA300673FA1 /* GTPageStyle.m */; };
		4F2A69811DD21DA300673FA1 /* GTPageStyleAmharic.m in Sources */ = {isa = PBXBuildFile; fileRef = 4F2A695F1DD21DA300673FA1 /* GTPageStyleAmharic.m */; };
		4F2A69821DD21DA300673FA1 /* TBXML+Compression.m in Sources */ = {isa = PBXBuildFile; fileRef = 4F2A69621DD21DA300673FA1 /* TBXML+Compression.m */; };
		4F2A69831DD21DA300673FA1 /* TBXML+HTTP.m in Sources */ = {isa = PBXBuildFile; fileRef = 4F2A69641DD21DA300673FA1 /* TBXML+HTTP.m */; };
		4F2A69841DD21DA300673FA1 /* TBXML.m in Sources */ = {isa = PBXBuildFile; fileRef = 4F2A69661DD21DA300673FA1 /* TBXML.m */; };
		4F2A69871DD222A100673FA1 /* HorizontalGestureRecognizer.m in Sources */ = {isa = PBXBuildFile; fileRef = 4F2A69861DD222A100673FA1 /* HorizontalGestureRecognizer.m */; };
		4F2A69B11DD227A400673FA1 /* AbyssinicaSIL-R.ttf in Resources */ = {isa = PBXBuildFile; fileRef = 4F2A698B1DD227A400673FA1 /* AbyssinicaSIL-R.ttf */; };
		4F2A69B21DD227A400673FA1 /* arrow.png in Resources */ = {isa = PBXBuildFile; fileRef = 4F2A698C1DD227A400673FA1 /* arrow.png */; };
		4F2A69B31DD227A400673FA1 /* arrow@2x.png in Resources */ = {isa = PBXBuildFile; fileRef = 4F2A698D1DD227A400673FA1 /* arrow@2x.png */; };
		4F2A69B41DD227A400673FA1 /* Buttonlines.png in Resources */ = {isa = PBXBuildFile; fileRef = 4F2A698E1DD227A400673FA1 /* Buttonlines.png */; };
		4F2A69B51DD227A400673FA1 /* Buttonlines_large.png in Resources */ = {isa = PBXBuildFile; fileRef = 4F2A698F1DD227A400673FA1 /* Buttonlines_large.png */; };
		4F2A69B61DD227A400673FA1 /* GTViewController.strings in Resources */ = {isa = PBXBuildFile; fileRef = 4F2A69901DD227A400673FA1 /* GTViewController.strings */; };
		4F2A69B71DD227A400673FA1 /* fiftytap.mp3 in Resources */ = {isa = PBXBuildFile; fileRef = 4F2A69921DD227A400673FA1 /* fiftytap.mp3 */; };
		4F2A69B81DD227A400673FA1 /* grad_shad_bot.png in Resources */ = {isa = PBXBuildFile; fileRef = 4F2A69931DD227A400673FA1 /* grad_shad_bot.png */; };
		4F2A69B91DD227A400673FA1 /* grad_shad_E.png in Resources */ = {isa = PBXBuildFile; fileRef = 4F2A69941DD227A400673FA1 /* grad_shad_E.png */; };
		4F2A69BA1DD227A400673FA1 /* grad_shad_NE.png in Resources */ = {isa = PBXBuildFile; fileRef = 4F2A69951DD227A400673FA1 /* grad_shad_NE.png */; };
		4F2A69BB1DD227A400673FA1 /* grad_shad_S.png in Resources */ = {isa = PBXBuildFile; fileRef = 4F2A69961DD227A400673FA1 /* grad_shad_S.png */; };
		4F2A69BC1DD227A400673FA1 /* grad_shad_SE.png in Resources */ = {isa = PBXBuildFile; fileRef = 4F2A69971DD227A400673FA1 /* grad_shad_SE.png */; };
		4F2A69BD1DD227A400673FA1 /* grad_shad_SW.png in Resources */ = {isa = PBXBuildFile; fileRef = 4F2A69981DD227A400673FA1 /* grad_shad_SW.png */; };
		4F2A69BE1DD227A400673FA1 /* grad_shad_top.png in Resources */ = {isa = PBXBuildFile; fileRef = 4F2A69991DD227A400673FA1 /* grad_shad_top.png */; };
		4F2A69BF1DD227A400673FA1 /* GTInstructions_Hand_Pointer.png in Resources */ = {isa = PBXBuildFile; fileRef = 4F2A699A1DD227A400673FA1 /* GTInstructions_Hand_Pointer.png */; };
		4F2A69C01DD227A400673FA1 /* GTInstructions_Hand_Pointer@2x.png in Resources */ = {isa = PBXBuildFile; fileRef = 4F2A699B1DD227A400673FA1 /* GTInstructions_Hand_Pointer@2x.png */; };
		4F2A69C11DD227A400673FA1 /* GTInstructions_Hand_Pointer_Shadow.png in Resources */ = {isa = PBXBuildFile; fileRef = 4F2A699C1DD227A400673FA1 /* GTInstructions_Hand_Pointer_Shadow.png */; };
		4F2A69C21DD227A400673FA1 /* GTInstructions_Hand_Pointer_Shadow@2x.png in Resources */ = {isa = PBXBuildFile; fileRef = 4F2A699D1DD227A400673FA1 /* GTInstructions_Hand_Pointer_Shadow@2x.png */; };
		4F2A69C31DD227A400673FA1 /* GTInstructions_Hand_Pointer_Tap_Circle.png in Resources */ = {isa = PBXBuildFile; fileRef = 4F2A699E1DD227A400673FA1 /* GTInstructions_Hand_Pointer_Tap_Circle.png */; };
		4F2A69C41DD227A400673FA1 /* line.png in Resources */ = {isa = PBXBuildFile; fileRef = 4F2A699F1DD227A400673FA1 /* line.png */; };
		4F2A69C51DD227A400673FA1 /* NotoSansEthiopic-Bold.ttf in Resources */ = {isa = PBXBuildFile; fileRef = 4F2A69A01DD227A400673FA1 /* NotoSansEthiopic-Bold.ttf */; };
		4F2A69C61DD227A400673FA1 /* NotoSansEthiopic-Regular.ttf in Resources */ = {isa = PBXBuildFile; fileRef = 4F2A69A11DD227A400673FA1 /* NotoSansEthiopic-Regular.ttf */; };
		4F2A69C71DD227A400673FA1 /* Package_PopUpToolBar_Icon_Export.png in Resources */ = {isa = PBXBuildFile; fileRef = 4F2A69A21DD227A400673FA1 /* Package_PopUpToolBar_Icon_Export.png */; };
		4F2A69C81DD227A400673FA1 /* Package_PopUpToolBar_Icon_Export@2x.png in Resources */ = {isa = PBXBuildFile; fileRef = 4F2A69A31DD227A400673FA1 /* Package_PopUpToolBar_Icon_Export@2x.png */; };
		4F2A69C91DD227A400673FA1 /* Package_PopUpToolBar_Icon_Help.png in Resources */ = {isa = PBXBuildFile; fileRef = 4F2A69A41DD227A400673FA1 /* Package_PopUpToolBar_Icon_Help.png */; };
		4F2A69CA1DD227A400673FA1 /* Package_PopUpToolBar_Icon_Help@2x.png in Resources */ = {isa = PBXBuildFile; fileRef = 4F2A69A51DD227A400673FA1 /* Package_PopUpToolBar_Icon_Help@2x.png */; };
		4F2A69CB1DD227A400673FA1 /* Package_PopUpToolBar_Icon_Info.png in Resources */ = {isa = PBXBuildFile; fileRef = 4F2A69A61DD227A400673FA1 /* Package_PopUpToolBar_Icon_Info.png */; };
		4F2A69CC1DD227A400673FA1 /* Package_PopUpToolBar_Icon_Info@2x.png in Resources */ = {isa = PBXBuildFile; fileRef = 4F2A69A71DD227A400673FA1 /* Package_PopUpToolBar_Icon_Info@2x.png */; };
		4F2A69CD1DD227A400673FA1 /* Package_PopUpToolBar_Icon_Menu.png in Resources */ = {isa = PBXBuildFile; fileRef = 4F2A69A81DD227A400673FA1 /* Package_PopUpToolBar_Icon_Menu.png */; };
		4F2A69CE1DD227A400673FA1 /* Package_PopUpToolBar_Icon_Menu@2x.png in Resources */ = {isa = PBXBuildFile; fileRef = 4F2A69A91DD227A400673FA1 /* Package_PopUpToolBar_Icon_Menu@2x.png */; };
		4F2A69CF1DD227A400673FA1 /* Package_PopUpToolBar_Icon_Switch.png in Resources */ = {isa = PBXBuildFile; fileRef = 4F2A69AA1DD227A400673FA1 /* Package_PopUpToolBar_Icon_Switch.png */; };
		4F2A69D01DD227A400673FA1 /* Package_PopUpToolBar_Icon_Switch@2x.png in Resources */ = {isa = PBXBuildFile; fileRef = 4F2A69AB1DD227A400673FA1 /* Package_PopUpToolBar_Icon_Switch@2x.png */; };
		4F2A69D11DD227A400673FA1 /* URL_Button.png in Resources */ = {isa = PBXBuildFile; fileRef = 4F2A69AC1DD227A400673FA1 /* URL_Button.png */; };
		4F2A69D21DD227A400673FA1 /* URL_Button@2x.png in Resources */ = {isa = PBXBuildFile; fileRef = 4F2A69AD1DD227A400673FA1 /* URL_Button@2x.png */; };
		4F2A69D31DD227A400673FA1 /* urlbutton.png in Resources */ = {isa = PBXBuildFile; fileRef = 4F2A69AE1DD227A400673FA1 /* urlbutton.png */; };
		4F2A69D41DD227A400673FA1 /* urlbutton@2x.png in Resources */ = {isa = PBXBuildFile; fileRef = 4F2A69AF1DD227A400673FA1 /* urlbutton@2x.png */; };
		4F2A69D51DD227A400673FA1 /* vline.png in Resources */ = {isa = PBXBuildFile; fileRef = 4F2A69B01DD227A400673FA1 /* vline.png */; };
		4F41A0C21DAE65E400CDAE50 /* AppDelegate.swift in Sources */ = {isa = PBXBuildFile; fileRef = 4F41A0C11DAE65E400CDAE50 /* AppDelegate.swift */; };
		4F41A0C71DAE65E400CDAE50 /* Main.storyboard in Resources */ = {isa = PBXBuildFile; fileRef = 4F41A0C51DAE65E400CDAE50 /* Main.storyboard */; };
		4F41A0CA1DAE65E400CDAE50 /* godtools_swift.xcdatamodeld in Sources */ = {isa = PBXBuildFile; fileRef = 4F41A0C81DAE65E400CDAE50 /* godtools_swift.xcdatamodeld */; };
		4F41A0CC1DAE65E400CDAE50 /* Assets.xcassets in Resources */ = {isa = PBXBuildFile; fileRef = 4F41A0CB1DAE65E400CDAE50 /* Assets.xcassets */; };
		4F41A0CF1DAE65E400CDAE50 /* LaunchScreen.storyboard in Resources */ = {isa = PBXBuildFile; fileRef = 4F41A0CD1DAE65E400CDAE50 /* LaunchScreen.storyboard */; };
		4F41A0D81DAE68BE00CDAE50 /* SettingsViewController.swift in Sources */ = {isa = PBXBuildFile; fileRef = 4F41A0D71DAE68BE00CDAE50 /* SettingsViewController.swift */; };
		4F41A0DA1DAE71D500CDAE50 /* LanguagesViewController.swift in Sources */ = {isa = PBXBuildFile; fileRef = 4F41A0D91DAE71D500CDAE50 /* LanguagesViewController.swift */; };
		4F5F4ABD1DC0FE9D00B66E58 /* GodToolsPackage+CoreDataClass.swift in Sources */ = {isa = PBXBuildFile; fileRef = 4F5F4ABB1DC0FE9D00B66E58 /* GodToolsPackage+CoreDataClass.swift */; };
		4F5F4ABE1DC0FE9D00B66E58 /* GodToolsPackage+CoreDataProperties.swift in Sources */ = {isa = PBXBuildFile; fileRef = 4F5F4ABC1DC0FE9D00B66E58 /* GodToolsPackage+CoreDataProperties.swift */; };
		4F5F4AC01DC109BE00B66E58 /* GodToolsSettings.swift in Sources */ = {isa = PBXBuildFile; fileRef = 4F5F4ABF1DC109BE00B66E58 /* GodToolsSettings.swift */; };
		4F75D5A21DB501DE0067B383 /* GodToolsLanguage+CoreDataClass.swift in Sources */ = {isa = PBXBuildFile; fileRef = 4F75D5A01DB501DE0067B383 /* GodToolsLanguage+CoreDataClass.swift */; };
		4F75D5A31DB501DE0067B383 /* GodToolsLanguage+CoreDataProperties.swift in Sources */ = {isa = PBXBuildFile; fileRef = 4F75D5A11DB501DE0067B383 /* GodToolsLanguage+CoreDataProperties.swift */; };
		4F8D318C1DAE917E007BFA7F /* GodtoolsAPI.swift in Sources */ = {isa = PBXBuildFile; fileRef = 4F8D318B1DAE917E007BFA7F /* GodtoolsAPI.swift */; };
		4F8D318E1DAE91D5007BFA7F /* Podfile in Resources */ = {isa = PBXBuildFile; fileRef = 4F8D318D1DAE91D5007BFA7F /* Podfile */; };
		4FA06C8B1DC7770F00AF4A0B /* FullPackageResponseHandler.swift in Sources */ = {isa = PBXBuildFile; fileRef = 4FA06C8A1DC7770F00AF4A0B /* FullPackageResponseHandler.swift */; };
		4FA06C8E1DC7ADC900AF4A0B /* PackageTableViewCell.xib in Resources */ = {isa = PBXBuildFile; fileRef = 4FA06C8D1DC7ADC900AF4A0B /* PackageTableViewCell.xib */; };
		4FA06C901DC7AE7300AF4A0B /* PackageTableViewCell.swift in Sources */ = {isa = PBXBuildFile; fileRef = 4FA06C8F1DC7AE7300AF4A0B /* PackageTableViewCell.swift */; };
		4FAC13791DC0EA5E00235457 /* MetaDataController.swift in Sources */ = {isa = PBXBuildFile; fileRef = 4FAC13781DC0EA5E00235457 /* MetaDataController.swift */; };
		4FDFAD801DC11A0400A753B2 /* PackageDataController.swift in Sources */ = {isa = PBXBuildFile; fileRef = 4FDFAD7F1DC11A0400A753B2 /* PackageDataController.swift */; };
		4FE859791DB018F9008AF462 /* HomeViewController.swift in Sources */ = {isa = PBXBuildFile; fileRef = 4FE859781DB018F9008AF462 /* HomeViewController.swift */; };
		F51ABED55022C7D8BD6BCFB0 /* Pods_godtools_swift.framework in Frameworks */ = {isa = PBXBuildFile; fileRef = 24CFB9C0F5C04FD806F7E69F /* Pods_godtools_swift.framework */; };
/* End PBXBuildFile section */

/* Begin PBXFileReference section */
		134835C5A712929C9A58F5AA /* Pods-godtools-swift.debug.xcconfig */ = {isa = PBXFileReference; includeInIndex = 1; lastKnownFileType = text.xcconfig; name = "Pods-godtools-swift.debug.xcconfig"; path = "Pods/Target Support Files/Pods-godtools-swift/Pods-godtools-swift.debug.xcconfig"; sourceTree = "<group>"; };
		14BF616718E4AB91D6E2DAA5 /* Pods-godtools-swift.release.xcconfig */ = {isa = PBXFileReference; includeInIndex = 1; lastKnownFileType = text.xcconfig; name = "Pods-godtools-swift.release.xcconfig"; path = "Pods/Target Support Files/Pods-godtools-swift/Pods-godtools-swift.release.xcconfig"; sourceTree = "<group>"; };
		24CFB9C0F5C04FD806F7E69F /* Pods_godtools_swift.framework */ = {isa = PBXFileReference; explicitFileType = wrapper.framework; includeInIndex = 0; path = Pods_godtools_swift.framework; sourceTree = BUILT_PRODUCTS_DIR; };
		4F0405181DB1043700B8576E /* MetaResponseHandler.swift */ = {isa = PBXFileReference; fileEncoding = 4; lastKnownFileType = sourcecode.swift; name = MetaResponseHandler.swift; path = API/MetaResponseHandler.swift; sourceTree = "<group>"; };
		4F04053C1DB1078A00B8576E /* GodToolsPersistence.swift */ = {isa = PBXFileReference; fileEncoding = 4; lastKnownFileType = sourcecode.swift; name = GodToolsPersistence.swift; path = Persistence/GodToolsPersistence.swift; sourceTree = "<group>"; };
		4F170FFA1DDFB2070057D693 /* GTModel-2.xcdatamodel */ = {isa = PBXFileReference; lastKnownFileType = wrapper.xcdatamodel; path = "GTModel-2.xcdatamodel"; sourceTree = "<group>"; };
		4F170FFB1DDFB2070057D693 /* GTModel-3.xcdatamodel */ = {isa = PBXFileReference; lastKnownFileType = wrapper.xcdatamodel; path = "GTModel-3.xcdatamodel"; sourceTree = "<group>"; };
		4F170FFC1DDFB2070057D693 /* GTModel.xcdatamodel */ = {isa = PBXFileReference; lastKnownFileType = wrapper.xcdatamodel; path = GTModel.xcdatamodel; sourceTree = "<group>"; };
		4F170FFF1DDFB36F0057D693 /* GTFollowUpSubscription+CoreDataClass.h */ = {isa = PBXFileReference; fileEncoding = 4; lastKnownFileType = sourcecode.c.h; name = "GTFollowUpSubscription+CoreDataClass.h"; path = "Legacy/GTFollowUpSubscription+CoreDataClass.h"; sourceTree = "<group>"; };
		4F1710001DDFB36F0057D693 /* GTFollowUpSubscription+CoreDataClass.m */ = {isa = PBXFileReference; fileEncoding = 4; lastKnownFileType = sourcecode.c.objc; name = "GTFollowUpSubscription+CoreDataClass.m"; path = "Legacy/GTFollowUpSubscription+CoreDataClass.m"; sourceTree = "<group>"; };
		4F1710011DDFB36F0057D693 /* GTFollowUpSubscription+CoreDataProperties.h */ = {isa = PBXFileReference; fileEncoding = 4; lastKnownFileType = sourcecode.c.h; name = "GTFollowUpSubscription+CoreDataProperties.h"; path = "Legacy/GTFollowUpSubscription+CoreDataProperties.h"; sourceTree = "<group>"; };
		4F1710021DDFB36F0057D693 /* GTFollowUpSubscription+CoreDataProperties.m */ = {isa = PBXFileReference; fileEncoding = 4; lastKnownFileType = sourcecode.c.objc; name = "GTFollowUpSubscription+CoreDataProperties.m"; path = "Legacy/GTFollowUpSubscription+CoreDataProperties.m"; sourceTree = "<group>"; };
		4F1710031DDFB36F0057D693 /* GTPackage+CoreDataClass.h */ = {isa = PBXFileReference; fileEncoding = 4; lastKnownFileType = sourcecode.c.h; name = "GTPackage+CoreDataClass.h"; path = "Legacy/GTPackage+CoreDataClass.h"; sourceTree = "<group>"; };
		4F1710041DDFB36F0057D693 /* GTPackage+CoreDataClass.m */ = {isa = PBXFileReference; fileEncoding = 4; lastKnownFileType = sourcecode.c.objc; name = "GTPackage+CoreDataClass.m"; path = "Legacy/GTPackage+CoreDataClass.m"; sourceTree = "<group>"; };
		4F1710051DDFB36F0057D693 /* GTPackage+CoreDataProperties.h */ = {isa = PBXFileReference; fileEncoding = 4; lastKnownFileType = sourcecode.c.h; name = "GTPackage+CoreDataProperties.h"; path = "Legacy/GTPackage+CoreDataProperties.h"; sourceTree = "<group>"; };
		4F1710061DDFB36F0057D693 /* GTPackage+CoreDataProperties.m */ = {isa = PBXFileReference; fileEncoding = 4; lastKnownFileType = sourcecode.c.objc; name = "GTPackage+CoreDataProperties.m"; path = "Legacy/GTPackage+CoreDataProperties.m"; sourceTree = "<group>"; };
		4F1710071DDFB36F0057D693 /* GTLanguage+CoreDataClass.h */ = {isa = PBXFileReference; fileEncoding = 4; lastKnownFileType = sourcecode.c.h; name = "GTLanguage+CoreDataClass.h"; path = "Legacy/GTLanguage+CoreDataClass.h"; sourceTree = "<group>"; };
		4F1710081DDFB36F0057D693 /* GTLanguage+CoreDataClass.m */ = {isa = PBXFileReference; fileEncoding = 4; lastKnownFileType = sourcecode.c.objc; name = "GTLanguage+CoreDataClass.m"; path = "Legacy/GTLanguage+CoreDataClass.m"; sourceTree = "<group>"; };
		4F1710091DDFB36F0057D693 /* GTLanguage+CoreDataProperties.h */ = {isa = PBXFileReference; fileEncoding = 4; lastKnownFileType = sourcecode.c.h; name = "GTLanguage+CoreDataProperties.h"; path = "Legacy/GTLanguage+CoreDataProperties.h"; sourceTree = "<group>"; };
		4F17100A1DDFB36F0057D693 /* GTLanguage+CoreDataProperties.m */ = {isa = PBXFileReference; fileEncoding = 4; lastKnownFileType = sourcecode.c.objc; name = "GTLanguage+CoreDataProperties.m"; path = "Legacy/GTLanguage+CoreDataProperties.m"; sourceTree = "<group>"; };
		4F1710111DDFB4750057D693 /* GodToolsDataMigration.swift */ = {isa = PBXFileReference; fileEncoding = 4; lastKnownFileType = sourcecode.swift; name = GodToolsDataMigration.swift; path = Persistence/GodToolsDataMigration.swift; sourceTree = "<group>"; };
		4F1710131DDFB5090057D693 /* GTLegacyPersistence.swift */ = {isa = PBXFileReference; fileEncoding = 4; lastKnownFileType = sourcecode.swift; name = GTLegacyPersistence.swift; path = Legacy/GTLegacyPersistence.swift; sourceTree = "<group>"; };
		4F2A692B1DD21DA300673FA1 /* GTFileLoader.h */ = {isa = PBXFileReference; fileEncoding = 4; lastKnownFileType = sourcecode.c.h; path = GTFileLoader.h; sourceTree = "<group>"; };
		4F2A692C1DD21DA300673FA1 /* GTFileLoader.m */ = {isa = PBXFileReference; fileEncoding = 4; lastKnownFileType = sourcecode.c.objc; path = GTFileLoader.m; sourceTree = "<group>"; };
		4F2A692D1DD21DA300673FA1 /* GTFollowupModalView.h */ = {isa = PBXFileReference; fileEncoding = 4; lastKnownFileType = sourcecode.c.h; path = GTFollowupModalView.h; sourceTree = "<group>"; };
		4F2A692E1DD21DA300673FA1 /* GTFollowupModalView.m */ = {isa = PBXFileReference; fileEncoding = 4; lastKnownFileType = sourcecode.c.objc; path = GTFollowupModalView.m; sourceTree = "<group>"; };
		4F2A692F1DD21DA300673FA1 /* GTFollowupThankYouView.h */ = {isa = PBXFileReference; fileEncoding = 4; lastKnownFileType = sourcecode.c.h; path = GTFollowupThankYouView.h; sourceTree = "<group>"; };
		4F2A69301DD21DA300673FA1 /* GTFollowupThankYouView.m */ = {isa = PBXFileReference; fileEncoding = 4; lastKnownFileType = sourcecode.c.objc; path = GTFollowupThankYouView.m; sourceTree = "<group>"; };
		4F2A69311DD21DA300673FA1 /* GTInputFieldView.h */ = {isa = PBXFileReference; fileEncoding = 4; lastKnownFileType = sourcecode.c.h; path = GTInputFieldView.h; sourceTree = "<group>"; };
		4F2A69321DD21DA300673FA1 /* GTInputFieldView.m */ = {isa = PBXFileReference; fileEncoding = 4; lastKnownFileType = sourcecode.c.objc; path = GTInputFieldView.m; sourceTree = "<group>"; };
		4F2A69331DD21DA300673FA1 /* GTLabel.h */ = {isa = PBXFileReference; fileEncoding = 4; lastKnownFileType = sourcecode.c.h; path = GTLabel.h; sourceTree = "<group>"; };
		4F2A69341DD21DA300673FA1 /* GTLabel.m */ = {isa = PBXFileReference; fileEncoding = 4; lastKnownFileType = sourcecode.c.objc; path = GTLabel.m; sourceTree = "<group>"; };
		4F2A69351DD21DA300673FA1 /* GTMultiButtonResponseView.h */ = {isa = PBXFileReference; fileEncoding = 4; lastKnownFileType = sourcecode.c.h; path = GTMultiButtonResponseView.h; sourceTree = "<group>"; };
		4F2A69361DD21DA300673FA1 /* GTMultiButtonResponseView.m */ = {isa = PBXFileReference; fileEncoding = 4; lastKnownFileType = sourcecode.c.objc; path = GTMultiButtonResponseView.m; sourceTree = "<group>"; };
		4F2A69371DD21DA300673FA1 /* GTShareInfo.h */ = {isa = PBXFileReference; fileEncoding = 4; lastKnownFileType = sourcecode.c.h; path = GTShareInfo.h; sourceTree = "<group>"; };
		4F2A69381DD21DA300673FA1 /* GTShareInfo.m */ = {isa = PBXFileReference; fileEncoding = 4; lastKnownFileType = sourcecode.c.objc; path = GTShareInfo.m; sourceTree = "<group>"; };
		4F2A69391DD21DA300673FA1 /* GTShareViewController.h */ = {isa = PBXFileReference; fileEncoding = 4; lastKnownFileType = sourcecode.c.h; path = GTShareViewController.h; sourceTree = "<group>"; };
		4F2A693A1DD21DA300673FA1 /* GTShareViewController.m */ = {isa = PBXFileReference; fileEncoding = 4; lastKnownFileType = sourcecode.c.objc; path = GTShareViewController.m; sourceTree = "<group>"; };
		4F2A693B1DD21DA300673FA1 /* SNInstructions.h */ = {isa = PBXFileReference; fileEncoding = 4; lastKnownFileType = sourcecode.c.h; path = SNInstructions.h; sourceTree = "<group>"; };
		4F2A693C1DD21DA300673FA1 /* SNInstructions.m */ = {isa = PBXFileReference; fileEncoding = 4; lastKnownFileType = sourcecode.c.objc; path = SNInstructions.m; sourceTree = "<group>"; };
		4F2A693D1DD21DA300673FA1 /* UIDisclosureIndicator.h */ = {isa = PBXFileReference; fileEncoding = 4; lastKnownFileType = sourcecode.c.h; path = UIDisclosureIndicator.h; sourceTree = "<group>"; };
		4F2A693E1DD21DA300673FA1 /* UIDisclosureIndicator.m */ = {isa = PBXFileReference; fileEncoding = 4; lastKnownFileType = sourcecode.c.objc; path = UIDisclosureIndicator.m; sourceTree = "<group>"; };
		4F2A693F1DD21DA300673FA1 /* UIRoundedView.h */ = {isa = PBXFileReference; fileEncoding = 4; lastKnownFileType = sourcecode.c.h; path = UIRoundedView.h; sourceTree = "<group>"; };
		4F2A69401DD21DA300673FA1 /* UIRoundedView.m */ = {isa = PBXFileReference; fileEncoding = 4; lastKnownFileType = sourcecode.c.objc; path = UIRoundedView.m; sourceTree = "<group>"; };
		4F2A69411DD21DA300673FA1 /* UISnuffleButton.h */ = {isa = PBXFileReference; fileEncoding = 4; lastKnownFileType = sourcecode.c.h; path = UISnuffleButton.h; sourceTree = "<group>"; };
		4F2A69421DD21DA300673FA1 /* UISnuffleButton.m */ = {isa = PBXFileReference; fileEncoding = 4; lastKnownFileType = sourcecode.c.objc; path = UISnuffleButton.m; sourceTree = "<group>"; };
		4F2A69431DD21DA300673FA1 /* UISnufflePanel.h */ = {isa = PBXFileReference; fileEncoding = 4; lastKnownFileType = sourcecode.c.h; path = UISnufflePanel.h; sourceTree = "<group>"; };
		4F2A69441DD21DA300673FA1 /* UISnufflePanel.m */ = {isa = PBXFileReference; fileEncoding = 4; lastKnownFileType = sourcecode.c.objc; path = UISnufflePanel.m; sourceTree = "<group>"; };
		4F2A69461DD21DA300673FA1 /* GTFollowupViewController.h */ = {isa = PBXFileReference; fileEncoding = 4; lastKnownFileType = sourcecode.c.h; path = GTFollowupViewController.h; sourceTree = "<group>"; };
		4F2A69471DD21DA300673FA1 /* GTFollowupViewController.m */ = {isa = PBXFileReference; fileEncoding = 4; lastKnownFileType = sourcecode.c.objc; path = GTFollowupViewController.m; sourceTree = "<group>"; };
		4F2A69481DD21DA300673FA1 /* GTPageMenuViewController.h */ = {isa = PBXFileReference; fileEncoding = 4; lastKnownFileType = sourcecode.c.h; path = GTPageMenuViewController.h; sourceTree = "<group>"; };
		4F2A69491DD21DA300673FA1 /* GTPageMenuViewController.m */ = {isa = PBXFileReference; fileEncoding = 4; lastKnownFileType = sourcecode.c.objc; path = GTPageMenuViewController.m; sourceTree = "<group>"; };
		4F2A694A1DD21DA300673FA1 /* GTPageMenuViewController.xib */ = {isa = PBXFileReference; fileEncoding = 4; lastKnownFileType = file.xib; path = GTPageMenuViewController.xib; sourceTree = "<group>"; };
		4F2A694B1DD21DA300673FA1 /* GTViewController.h */ = {isa = PBXFileReference; fileEncoding = 4; lastKnownFileType = sourcecode.c.h; path = GTViewController.h; sourceTree = "<group>"; };
		4F2A694C1DD21DA300673FA1 /* GTViewController.m */ = {isa = PBXFileReference; fileEncoding = 4; lastKnownFileType = sourcecode.c.objc; path = GTViewController.m; sourceTree = "<group>"; };
		4F2A694D1DD21DA300673FA1 /* GTViewController.xib */ = {isa = PBXFileReference; fileEncoding = 4; lastKnownFileType = file.xib; path = GTViewController.xib; sourceTree = "<group>"; };
		4F2A69511DD21DA300673FA1 /* GTAboutViewController.h */ = {isa = PBXFileReference; fileEncoding = 4; lastKnownFileType = sourcecode.c.h; path = GTAboutViewController.h; sourceTree = "<group>"; };
		4F2A69521DD21DA300673FA1 /* GTAboutViewController.m */ = {isa = PBXFileReference; fileEncoding = 4; lastKnownFileType = sourcecode.c.objc; path = GTAboutViewController.m; sourceTree = "<group>"; };
		4F2A69531DD21DA300673FA1 /* GTAboutViewController.xib */ = {isa = PBXFileReference; fileEncoding = 4; lastKnownFileType = file.xib; path = GTAboutViewController.xib; sourceTree = "<group>"; };
		4F2A69541DD21DA300673FA1 /* GTInterpreter+init.h */ = {isa = PBXFileReference; fileEncoding = 4; lastKnownFileType = sourcecode.c.h; path = "GTInterpreter+init.h"; sourceTree = "<group>"; };
		4F2A69551DD21DA300673FA1 /* GTInterpreter.h */ = {isa = PBXFileReference; fileEncoding = 4; lastKnownFileType = sourcecode.c.h; path = GTInterpreter.h; sourceTree = "<group>"; };
		4F2A69561DD21DA300673FA1 /* GTInterpreter.m */ = {isa = PBXFileReference; fileEncoding = 4; lastKnownFileType = sourcecode.c.objc; path = GTInterpreter.m; sourceTree = "<group>"; };
		4F2A69571DD21DA300673FA1 /* GTPage.h */ = {isa = PBXFileReference; fileEncoding = 4; lastKnownFileType = sourcecode.c.h; path = GTPage.h; sourceTree = "<group>"; };
		4F2A69581DD21DA300673FA1 /* GTPage.m */ = {isa = PBXFileReference; fileEncoding = 4; lastKnownFileType = sourcecode.c.objc; path = GTPage.m; sourceTree = "<group>"; };
		4F2A69591DD21DA300673FA1 /* GTPage.xib */ = {isa = PBXFileReference; fileEncoding = 4; lastKnownFileType = file.xib; path = GTPage.xib; sourceTree = "<group>"; };
		4F2A695A1DD21DA300673FA1 /* GTPageInterpreter.h */ = {isa = PBXFileReference; fileEncoding = 4; lastKnownFileType = sourcecode.c.h; path = GTPageInterpreter.h; sourceTree = "<group>"; };
		4F2A695B1DD21DA300673FA1 /* GTPageInterpreter.m */ = {isa = PBXFileReference; fileEncoding = 4; lastKnownFileType = sourcecode.c.objc; path = GTPageInterpreter.m; sourceTree = "<group>"; };
		4F2A695C1DD21DA300673FA1 /* GTPageStyle.h */ = {isa = PBXFileReference; fileEncoding = 4; lastKnownFileType = sourcecode.c.h; path = GTPageStyle.h; sourceTree = "<group>"; };
		4F2A695D1DD21DA300673FA1 /* GTPageStyle.m */ = {isa = PBXFileReference; fileEncoding = 4; lastKnownFileType = sourcecode.c.objc; path = GTPageStyle.m; sourceTree = "<group>"; };
		4F2A695E1DD21DA300673FA1 /* GTPageStyleAmharic.h */ = {isa = PBXFileReference; fileEncoding = 4; lastKnownFileType = sourcecode.c.h; path = GTPageStyleAmharic.h; sourceTree = "<group>"; };
		4F2A695F1DD21DA300673FA1 /* GTPageStyleAmharic.m */ = {isa = PBXFileReference; fileEncoding = 4; lastKnownFileType = sourcecode.c.objc; path = GTPageStyleAmharic.m; sourceTree = "<group>"; };
		4F2A69611DD21DA300673FA1 /* TBXML+Compression.h */ = {isa = PBXFileReference; fileEncoding = 4; lastKnownFileType = sourcecode.c.h; path = "TBXML+Compression.h"; sourceTree = "<group>"; };
		4F2A69621DD21DA300673FA1 /* TBXML+Compression.m */ = {isa = PBXFileReference; fileEncoding = 4; lastKnownFileType = sourcecode.c.objc; path = "TBXML+Compression.m"; sourceTree = "<group>"; };
		4F2A69631DD21DA300673FA1 /* TBXML+HTTP.h */ = {isa = PBXFileReference; fileEncoding = 4; lastKnownFileType = sourcecode.c.h; path = "TBXML+HTTP.h"; sourceTree = "<group>"; };
		4F2A69641DD21DA300673FA1 /* TBXML+HTTP.m */ = {isa = PBXFileReference; fileEncoding = 4; lastKnownFileType = sourcecode.c.objc; path = "TBXML+HTTP.m"; sourceTree = "<group>"; };
		4F2A69651DD21DA300673FA1 /* TBXML.h */ = {isa = PBXFileReference; fileEncoding = 4; lastKnownFileType = sourcecode.c.h; path = TBXML.h; sourceTree = "<group>"; };
		4F2A69661DD21DA300673FA1 /* TBXML.m */ = {isa = PBXFileReference; fileEncoding = 4; lastKnownFileType = sourcecode.c.objc; path = TBXML.m; sourceTree = "<group>"; };
		4F2A69851DD222A100673FA1 /* HorizontalGestureRecognizer.h */ = {isa = PBXFileReference; fileEncoding = 4; lastKnownFileType = sourcecode.c.h; name = HorizontalGestureRecognizer.h; path = "Nav Classes/HorizontalGestureRecognizer.h"; sourceTree = "<group>"; };
		4F2A69861DD222A100673FA1 /* HorizontalGestureRecognizer.m */ = {isa = PBXFileReference; fileEncoding = 4; lastKnownFileType = sourcecode.c.objc; name = HorizontalGestureRecognizer.m; path = "Nav Classes/HorizontalGestureRecognizer.m"; sourceTree = "<group>"; };
		4F2A69881DD2231700673FA1 /* GTPrefixHeader.pch */ = {isa = PBXFileReference; lastKnownFileType = sourcecode.c.h; path = GTPrefixHeader.pch; sourceTree = "<group>"; };
		4F2A69891DD2265100673FA1 /* snuffyViewControllerTouchNotifications.h */ = {isa = PBXFileReference; lastKnownFileType = sourcecode.c.h; path = snuffyViewControllerTouchNotifications.h; sourceTree = "<group>"; };
		4F2A698B1DD227A400673FA1 /* AbyssinicaSIL-R.ttf */ = {isa = PBXFileReference; lastKnownFileType = file; path = "AbyssinicaSIL-R.ttf"; sourceTree = "<group>"; };
		4F2A698C1DD227A400673FA1 /* arrow.png */ = {isa = PBXFileReference; lastKnownFileType = image.png; path = arrow.png; sourceTree = "<group>"; };
		4F2A698D1DD227A400673FA1 /* arrow@2x.png */ = {isa = PBXFileReference; lastKnownFileType = image.png; path = "arrow@2x.png"; sourceTree = "<group>"; };
		4F2A698E1DD227A400673FA1 /* Buttonlines.png */ = {isa = PBXFileReference; lastKnownFileType = image.png; path = Buttonlines.png; sourceTree = "<group>"; };
		4F2A698F1DD227A400673FA1 /* Buttonlines_large.png */ = {isa = PBXFileReference; lastKnownFileType = image.png; path = Buttonlines_large.png; sourceTree = "<group>"; };
		4F2A69911DD227A400673FA1 /* en */ = {isa = PBXFileReference; lastKnownFileType = text.plist.strings; name = en; path = en.lproj/GTViewController.strings; sourceTree = "<group>"; };
		4F2A69921DD227A400673FA1 /* fiftytap.mp3 */ = {isa = PBXFileReference; lastKnownFileType = audio.mp3; path = fiftytap.mp3; sourceTree = "<group>"; };
		4F2A69931DD227A400673FA1 /* grad_shad_bot.png */ = {isa = PBXFileReference; lastKnownFileType = image.png; path = grad_shad_bot.png; sourceTree = "<group>"; };
		4F2A69941DD227A400673FA1 /* grad_shad_E.png */ = {isa = PBXFileReference; lastKnownFileType = image.png; path = grad_shad_E.png; sourceTree = "<group>"; };
		4F2A69951DD227A400673FA1 /* grad_shad_NE.png */ = {isa = PBXFileReference; lastKnownFileType = image.png; path = grad_shad_NE.png; sourceTree = "<group>"; };
		4F2A69961DD227A400673FA1 /* grad_shad_S.png */ = {isa = PBXFileReference; lastKnownFileType = image.png; path = grad_shad_S.png; sourceTree = "<group>"; };
		4F2A69971DD227A400673FA1 /* grad_shad_SE.png */ = {isa = PBXFileReference; lastKnownFileType = image.png; path = grad_shad_SE.png; sourceTree = "<group>"; };
		4F2A69981DD227A400673FA1 /* grad_shad_SW.png */ = {isa = PBXFileReference; lastKnownFileType = image.png; path = grad_shad_SW.png; sourceTree = "<group>"; };
		4F2A69991DD227A400673FA1 /* grad_shad_top.png */ = {isa = PBXFileReference; lastKnownFileType = image.png; path = grad_shad_top.png; sourceTree = "<group>"; };
		4F2A699A1DD227A400673FA1 /* GTInstructions_Hand_Pointer.png */ = {isa = PBXFileReference; lastKnownFileType = image.png; path = GTInstructions_Hand_Pointer.png; sourceTree = "<group>"; };
		4F2A699B1DD227A400673FA1 /* GTInstructions_Hand_Pointer@2x.png */ = {isa = PBXFileReference; lastKnownFileType = image.png; path = "GTInstructions_Hand_Pointer@2x.png"; sourceTree = "<group>"; };
		4F2A699C1DD227A400673FA1 /* GTInstructions_Hand_Pointer_Shadow.png */ = {isa = PBXFileReference; lastKnownFileType = image.png; path = GTInstructions_Hand_Pointer_Shadow.png; sourceTree = "<group>"; };
		4F2A699D1DD227A400673FA1 /* GTInstructions_Hand_Pointer_Shadow@2x.png */ = {isa = PBXFileReference; lastKnownFileType = image.png; path = "GTInstructions_Hand_Pointer_Shadow@2x.png"; sourceTree = "<group>"; };
		4F2A699E1DD227A400673FA1 /* GTInstructions_Hand_Pointer_Tap_Circle.png */ = {isa = PBXFileReference; lastKnownFileType = image.png; path = GTInstructions_Hand_Pointer_Tap_Circle.png; sourceTree = "<group>"; };
		4F2A699F1DD227A400673FA1 /* line.png */ = {isa = PBXFileReference; lastKnownFileType = image.png; path = line.png; sourceTree = "<group>"; };
		4F2A69A01DD227A400673FA1 /* NotoSansEthiopic-Bold.ttf */ = {isa = PBXFileReference; lastKnownFileType = file; path = "NotoSansEthiopic-Bold.ttf"; sourceTree = "<group>"; };
		4F2A69A11DD227A400673FA1 /* NotoSansEthiopic-Regular.ttf */ = {isa = PBXFileReference; lastKnownFileType = file; path = "NotoSansEthiopic-Regular.ttf"; sourceTree = "<group>"; };
		4F2A69A21DD227A400673FA1 /* Package_PopUpToolBar_Icon_Export.png */ = {isa = PBXFileReference; lastKnownFileType = image.png; path = Package_PopUpToolBar_Icon_Export.png; sourceTree = "<group>"; };
		4F2A69A31DD227A400673FA1 /* Package_PopUpToolBar_Icon_Export@2x.png */ = {isa = PBXFileReference; lastKnownFileType = image.png; path = "Package_PopUpToolBar_Icon_Export@2x.png"; sourceTree = "<group>"; };
		4F2A69A41DD227A400673FA1 /* Package_PopUpToolBar_Icon_Help.png */ = {isa = PBXFileReference; lastKnownFileType = image.png; path = Package_PopUpToolBar_Icon_Help.png; sourceTree = "<group>"; };
		4F2A69A51DD227A400673FA1 /* Package_PopUpToolBar_Icon_Help@2x.png */ = {isa = PBXFileReference; lastKnownFileType = image.png; path = "Package_PopUpToolBar_Icon_Help@2x.png"; sourceTree = "<group>"; };
		4F2A69A61DD227A400673FA1 /* Package_PopUpToolBar_Icon_Info.png */ = {isa = PBXFileReference; lastKnownFileType = image.png; path = Package_PopUpToolBar_Icon_Info.png; sourceTree = "<group>"; };
		4F2A69A71DD227A400673FA1 /* Package_PopUpToolBar_Icon_Info@2x.png */ = {isa = PBXFileReference; lastKnownFileType = image.png; path = "Package_PopUpToolBar_Icon_Info@2x.png"; sourceTree = "<group>"; };
		4F2A69A81DD227A400673FA1 /* Package_PopUpToolBar_Icon_Menu.png */ = {isa = PBXFileReference; lastKnownFileType = image.png; path = Package_PopUpToolBar_Icon_Menu.png; sourceTree = "<group>"; };
		4F2A69A91DD227A400673FA1 /* Package_PopUpToolBar_Icon_Menu@2x.png */ = {isa = PBXFileReference; lastKnownFileType = image.png; path = "Package_PopUpToolBar_Icon_Menu@2x.png"; sourceTree = "<group>"; };
		4F2A69AA1DD227A400673FA1 /* Package_PopUpToolBar_Icon_Switch.png */ = {isa = PBXFileReference; lastKnownFileType = image.png; path = Package_PopUpToolBar_Icon_Switch.png; sourceTree = "<group>"; };
		4F2A69AB1DD227A400673FA1 /* Package_PopUpToolBar_Icon_Switch@2x.png */ = {isa = PBXFileReference; lastKnownFileType = image.png; path = "Package_PopUpToolBar_Icon_Switch@2x.png"; sourceTree = "<group>"; };
		4F2A69AC1DD227A400673FA1 /* URL_Button.png */ = {isa = PBXFileReference; lastKnownFileType = image.png; path = URL_Button.png; sourceTree = "<group>"; };
		4F2A69AD1DD227A400673FA1 /* URL_Button@2x.png */ = {isa = PBXFileReference; lastKnownFileType = image.png; path = "URL_Button@2x.png"; sourceTree = "<group>"; };
		4F2A69AE1DD227A400673FA1 /* urlbutton.png */ = {isa = PBXFileReference; lastKnownFileType = image.png; path = urlbutton.png; sourceTree = "<group>"; };
		4F2A69AF1DD227A400673FA1 /* urlbutton@2x.png */ = {isa = PBXFileReference; lastKnownFileType = image.png; path = "urlbutton@2x.png"; sourceTree = "<group>"; };
		4F2A69B01DD227A400673FA1 /* vline.png */ = {isa = PBXFileReference; lastKnownFileType = image.png; path = vline.png; sourceTree = "<group>"; };
		4F41A0BE1DAE65E400CDAE50 /* godtools-swift.app */ = {isa = PBXFileReference; explicitFileType = wrapper.application; includeInIndex = 0; path = "godtools-swift.app"; sourceTree = BUILT_PRODUCTS_DIR; };
		4F41A0C11DAE65E400CDAE50 /* AppDelegate.swift */ = {isa = PBXFileReference; lastKnownFileType = sourcecode.swift; path = AppDelegate.swift; sourceTree = "<group>"; };
		4F41A0C61DAE65E400CDAE50 /* Base */ = {isa = PBXFileReference; lastKnownFileType = file.storyboard; name = Base; path = Base.lproj/Main.storyboard; sourceTree = "<group>"; };
		4F41A0C91DAE65E400CDAE50 /* godtools_swift.xcdatamodel */ = {isa = PBXFileReference; lastKnownFileType = wrapper.xcdatamodel; path = godtools_swift.xcdatamodel; sourceTree = "<group>"; };
		4F41A0CB1DAE65E400CDAE50 /* Assets.xcassets */ = {isa = PBXFileReference; lastKnownFileType = folder.assetcatalog; path = Assets.xcassets; sourceTree = "<group>"; };
		4F41A0CE1DAE65E400CDAE50 /* Base */ = {isa = PBXFileReference; lastKnownFileType = file.storyboard; name = Base; path = Base.lproj/LaunchScreen.storyboard; sourceTree = "<group>"; };
		4F41A0D01DAE65E400CDAE50 /* Info.plist */ = {isa = PBXFileReference; lastKnownFileType = text.plist.xml; path = Info.plist; sourceTree = "<group>"; };
		4F41A0D71DAE68BE00CDAE50 /* SettingsViewController.swift */ = {isa = PBXFileReference; fileEncoding = 4; lastKnownFileType = sourcecode.swift; name = SettingsViewController.swift; path = Controllers/SettingsViewController.swift; sourceTree = "<group>"; };
		4F41A0D91DAE71D500CDAE50 /* LanguagesViewController.swift */ = {isa = PBXFileReference; fileEncoding = 4; lastKnownFileType = sourcecode.swift; name = LanguagesViewController.swift; path = Controllers/LanguagesViewController.swift; sourceTree = "<group>"; };
		4F5F4ABB1DC0FE9D00B66E58 /* GodToolsPackage+CoreDataClass.swift */ = {isa = PBXFileReference; fileEncoding = 4; lastKnownFileType = sourcecode.swift; name = "GodToolsPackage+CoreDataClass.swift"; path = "Persistence/GodToolsPackage+CoreDataClass.swift"; sourceTree = "<group>"; };
		4F5F4ABC1DC0FE9D00B66E58 /* GodToolsPackage+CoreDataProperties.swift */ = {isa = PBXFileReference; fileEncoding = 4; lastKnownFileType = sourcecode.swift; name = "GodToolsPackage+CoreDataProperties.swift"; path = "Persistence/GodToolsPackage+CoreDataProperties.swift"; sourceTree = "<group>"; };
		4F5F4ABF1DC109BE00B66E58 /* GodToolsSettings.swift */ = {isa = PBXFileReference; fileEncoding = 4; lastKnownFileType = sourcecode.swift; path = GodToolsSettings.swift; sourceTree = "<group>"; };
		4F75D5A01DB501DE0067B383 /* GodToolsLanguage+CoreDataClass.swift */ = {isa = PBXFileReference; fileEncoding = 4; lastKnownFileType = sourcecode.swift; name = "GodToolsLanguage+CoreDataClass.swift"; path = "Persistence/GodToolsLanguage+CoreDataClass.swift"; sourceTree = "<group>"; };
		4F75D5A11DB501DE0067B383 /* GodToolsLanguage+CoreDataProperties.swift */ = {isa = PBXFileReference; fileEncoding = 4; lastKnownFileType = sourcecode.swift; name = "GodToolsLanguage+CoreDataProperties.swift"; path = "Persistence/GodToolsLanguage+CoreDataProperties.swift"; sourceTree = "<group>"; };
		4F8D318B1DAE917E007BFA7F /* GodtoolsAPI.swift */ = {isa = PBXFileReference; fileEncoding = 4; lastKnownFileType = sourcecode.swift; name = GodtoolsAPI.swift; path = API/GodtoolsAPI.swift; sourceTree = "<group>"; };
		4F8D318D1DAE91D5007BFA7F /* Podfile */ = {isa = PBXFileReference; fileEncoding = 4; lastKnownFileType = text; path = Podfile; sourceTree = "<group>"; xcLanguageSpecificationIdentifier = xcode.lang.ruby; };
		4FA06C8A1DC7770F00AF4A0B /* FullPackageResponseHandler.swift */ = {isa = PBXFileReference; fileEncoding = 4; lastKnownFileType = sourcecode.swift; name = FullPackageResponseHandler.swift; path = API/FullPackageResponseHandler.swift; sourceTree = "<group>"; };
		4FA06C8D1DC7ADC900AF4A0B /* PackageTableViewCell.xib */ = {isa = PBXFileReference; fileEncoding = 4; lastKnownFileType = file.xib; name = PackageTableViewCell.xib; path = Views/PackageTableViewCell.xib; sourceTree = "<group>"; };
		4FA06C8F1DC7AE7300AF4A0B /* PackageTableViewCell.swift */ = {isa = PBXFileReference; fileEncoding = 4; lastKnownFileType = sourcecode.swift; path = PackageTableViewCell.swift; sourceTree = "<group>"; };
		4FAC13781DC0EA5E00235457 /* MetaDataController.swift */ = {isa = PBXFileReference; fileEncoding = 4; lastKnownFileType = sourcecode.swift; name = MetaDataController.swift; path = DataControllers/MetaDataController.swift; sourceTree = "<group>"; };
		4FDFAD7F1DC11A0400A753B2 /* PackageDataController.swift */ = {isa = PBXFileReference; fileEncoding = 4; lastKnownFileType = sourcecode.swift; name = PackageDataController.swift; path = DataControllers/PackageDataController.swift; sourceTree = "<group>"; };
		4FE859731DAFCBD2008AF462 /* GodTools-Bridging-Header.h */ = {isa = PBXFileReference; fileEncoding = 4; lastKnownFileType = sourcecode.c.h; path = "GodTools-Bridging-Header.h"; sourceTree = "<group>"; };
		4FE859781DB018F9008AF462 /* HomeViewController.swift */ = {isa = PBXFileReference; fileEncoding = 4; lastKnownFileType = sourcecode.swift; name = HomeViewController.swift; path = Controllers/HomeViewController.swift; sourceTree = "<group>"; };
/* End PBXFileReference section */

/* Begin PBXFrameworksBuildPhase section */
		4F41A0BB1DAE65E400CDAE50 /* Frameworks */ = {
			isa = PBXFrameworksBuildPhase;
			buildActionMask = 2147483647;
			files = (
				F51ABED55022C7D8BD6BCFB0 /* Pods_godtools_swift.framework in Frameworks */,
			);
			runOnlyForDeploymentPostprocessing = 0;
		};
/* End PBXFrameworksBuildPhase section */

/* Begin PBXGroup section */
		4F04053B1DB1076300B8576E /* Persistence */ = {
			isa = PBXGroup;
			children = (
				4F170FFE1DDFB32E0057D693 /* Legacy */,
				4F5F4ABB1DC0FE9D00B66E58 /* GodToolsPackage+CoreDataClass.swift */,
				4F5F4ABC1DC0FE9D00B66E58 /* GodToolsPackage+CoreDataProperties.swift */,
				4F75D5A01DB501DE0067B383 /* GodToolsLanguage+CoreDataClass.swift */,
				4F75D5A11DB501DE0067B383 /* GodToolsLanguage+CoreDataProperties.swift */,
				4F04053C1DB1078A00B8576E /* GodToolsPersistence.swift */,
				4F1710111DDFB4750057D693 /* GodToolsDataMigration.swift */,
			);
			name = Persistence;
			sourceTree = "<group>";
		};
		4F170FFE1DDFB32E0057D693 /* Legacy */ = {
			isa = PBXGroup;
			children = (
				4F170FFF1DDFB36F0057D693 /* GTFollowUpSubscription+CoreDataClass.h */,
				4F1710001DDFB36F0057D693 /* GTFollowUpSubscription+CoreDataClass.m */,
				4F1710011DDFB36F0057D693 /* GTFollowUpSubscription+CoreDataProperties.h */,
				4F1710021DDFB36F0057D693 /* GTFollowUpSubscription+CoreDataProperties.m */,
				4F1710031DDFB36F0057D693 /* GTPackage+CoreDataClass.h */,
				4F1710041DDFB36F0057D693 /* GTPackage+CoreDataClass.m */,
				4F1710051DDFB36F0057D693 /* GTPackage+CoreDataProperties.h */,
				4F1710061DDFB36F0057D693 /* GTPackage+CoreDataProperties.m */,
				4F1710071DDFB36F0057D693 /* GTLanguage+CoreDataClass.h */,
				4F1710081DDFB36F0057D693 /* GTLanguage+CoreDataClass.m */,
				4F1710091DDFB36F0057D693 /* GTLanguage+CoreDataProperties.h */,
				4F17100A1DDFB36F0057D693 /* GTLanguage+CoreDataProperties.m */,
				4F1710131DDFB5090057D693 /* GTLegacyPersistence.swift */,
			);
			name = Legacy;
			sourceTree = "<group>";
		};
		4F2A69291DD21DA300673FA1 /* Renderer */ = {
			isa = PBXGroup;
			children = (
				4F2A698A1DD227A400673FA1 /* Resources */,
				4F2A69851DD222A100673FA1 /* HorizontalGestureRecognizer.h */,
				4F2A69861DD222A100673FA1 /* HorizontalGestureRecognizer.m */,
				4F2A69891DD2265100673FA1 /* snuffyViewControllerTouchNotifications.h */,
				4F2A692A1DD21DA300673FA1 /* Custom Classes */,
				4F2A69451DD21DA300673FA1 /* Nav Classes */,
				4F2A69501DD21DA300673FA1 /* Parsing Classes */,
				4F2A69601DD21DA300673FA1 /* TBXML */,
			);
			path = Renderer;
			sourceTree = "<group>";
		};
		4F2A692A1DD21DA300673FA1 /* Custom Classes */ = {
			isa = PBXGroup;
			children = (
				4F2A692B1DD21DA300673FA1 /* GTFileLoader.h */,
				4F2A692C1DD21DA300673FA1 /* GTFileLoader.m */,
				4F2A692D1DD21DA300673FA1 /* GTFollowupModalView.h */,
				4F2A692E1DD21DA300673FA1 /* GTFollowupModalView.m */,
				4F2A692F1DD21DA300673FA1 /* GTFollowupThankYouView.h */,
				4F2A69301DD21DA300673FA1 /* GTFollowupThankYouView.m */,
				4F2A69311DD21DA300673FA1 /* GTInputFieldView.h */,
				4F2A69321DD21DA300673FA1 /* GTInputFieldView.m */,
				4F2A69331DD21DA300673FA1 /* GTLabel.h */,
				4F2A69341DD21DA300673FA1 /* GTLabel.m */,
				4F2A69351DD21DA300673FA1 /* GTMultiButtonResponseView.h */,
				4F2A69361DD21DA300673FA1 /* GTMultiButtonResponseView.m */,
				4F2A69371DD21DA300673FA1 /* GTShareInfo.h */,
				4F2A69381DD21DA300673FA1 /* GTShareInfo.m */,
				4F2A69391DD21DA300673FA1 /* GTShareViewController.h */,
				4F2A693A1DD21DA300673FA1 /* GTShareViewController.m */,
				4F2A693B1DD21DA300673FA1 /* SNInstructions.h */,
				4F2A693C1DD21DA300673FA1 /* SNInstructions.m */,
				4F2A693D1DD21DA300673FA1 /* UIDisclosureIndicator.h */,
				4F2A693E1DD21DA300673FA1 /* UIDisclosureIndicator.m */,
				4F2A693F1DD21DA300673FA1 /* UIRoundedView.h */,
				4F2A69401DD21DA300673FA1 /* UIRoundedView.m */,
				4F2A69411DD21DA300673FA1 /* UISnuffleButton.h */,
				4F2A69421DD21DA300673FA1 /* UISnuffleButton.m */,
				4F2A69431DD21DA300673FA1 /* UISnufflePanel.h */,
				4F2A69441DD21DA300673FA1 /* UISnufflePanel.m */,
			);
			path = "Custom Classes";
			sourceTree = "<group>";
		};
		4F2A69451DD21DA300673FA1 /* Nav Classes */ = {
			isa = PBXGroup;
			children = (
				4F2A69461DD21DA300673FA1 /* GTFollowupViewController.h */,
				4F2A69471DD21DA300673FA1 /* GTFollowupViewController.m */,
				4F2A69481DD21DA300673FA1 /* GTPageMenuViewController.h */,
				4F2A69491DD21DA300673FA1 /* GTPageMenuViewController.m */,
				4F2A694A1DD21DA300673FA1 /* GTPageMenuViewController.xib */,
				4F2A694B1DD21DA300673FA1 /* GTViewController.h */,
				4F2A694C1DD21DA300673FA1 /* GTViewController.m */,
				4F2A694D1DD21DA300673FA1 /* GTViewController.xib */,
			);
			path = "Nav Classes";
			sourceTree = "<group>";
		};
		4F2A69501DD21DA300673FA1 /* Parsing Classes */ = {
			isa = PBXGroup;
			children = (
				4F2A69511DD21DA300673FA1 /* GTAboutViewController.h */,
				4F2A69521DD21DA300673FA1 /* GTAboutViewController.m */,
				4F2A69531DD21DA300673FA1 /* GTAboutViewController.xib */,
				4F2A69541DD21DA300673FA1 /* GTInterpreter+init.h */,
				4F2A69551DD21DA300673FA1 /* GTInterpreter.h */,
				4F2A69561DD21DA300673FA1 /* GTInterpreter.m */,
				4F2A69571DD21DA300673FA1 /* GTPage.h */,
				4F2A69581DD21DA300673FA1 /* GTPage.m */,
				4F2A69591DD21DA300673FA1 /* GTPage.xib */,
				4F2A695A1DD21DA300673FA1 /* GTPageInterpreter.h */,
				4F2A695B1DD21DA300673FA1 /* GTPageInterpreter.m */,
				4F2A695C1DD21DA300673FA1 /* GTPageStyle.h */,
				4F2A695D1DD21DA300673FA1 /* GTPageStyle.m */,
				4F2A695E1DD21DA300673FA1 /* GTPageStyleAmharic.h */,
				4F2A695F1DD21DA300673FA1 /* GTPageStyleAmharic.m */,
			);
			path = "Parsing Classes";
			sourceTree = "<group>";
		};
		4F2A69601DD21DA300673FA1 /* TBXML */ = {
			isa = PBXGroup;
			children = (
				4F2A69611DD21DA300673FA1 /* TBXML+Compression.h */,
				4F2A69621DD21DA300673FA1 /* TBXML+Compression.m */,
				4F2A69631DD21DA300673FA1 /* TBXML+HTTP.h */,
				4F2A69641DD21DA300673FA1 /* TBXML+HTTP.m */,
				4F2A69651DD21DA300673FA1 /* TBXML.h */,
				4F2A69661DD21DA300673FA1 /* TBXML.m */,
			);
			path = TBXML;
			sourceTree = "<group>";
		};
		4F2A698A1DD227A400673FA1 /* Resources */ = {
			isa = PBXGroup;
			children = (
				4F2A698B1DD227A400673FA1 /* AbyssinicaSIL-R.ttf */,
				4F2A698C1DD227A400673FA1 /* arrow.png */,
				4F2A698D1DD227A400673FA1 /* arrow@2x.png */,
				4F2A698E1DD227A400673FA1 /* Buttonlines.png */,
				4F2A698F1DD227A400673FA1 /* Buttonlines_large.png */,
				4F2A69901DD227A400673FA1 /* GTViewController.strings */,
				4F2A69921DD227A400673FA1 /* fiftytap.mp3 */,
				4F2A69931DD227A400673FA1 /* grad_shad_bot.png */,
				4F2A69941DD227A400673FA1 /* grad_shad_E.png */,
				4F2A69951DD227A400673FA1 /* grad_shad_NE.png */,
				4F2A69961DD227A400673FA1 /* grad_shad_S.png */,
				4F2A69971DD227A400673FA1 /* grad_shad_SE.png */,
				4F2A69981DD227A400673FA1 /* grad_shad_SW.png */,
				4F2A69991DD227A400673FA1 /* grad_shad_top.png */,
				4F2A699A1DD227A400673FA1 /* GTInstructions_Hand_Pointer.png */,
				4F2A699B1DD227A400673FA1 /* GTInstructions_Hand_Pointer@2x.png */,
				4F2A699C1DD227A400673FA1 /* GTInstructions_Hand_Pointer_Shadow.png */,
				4F2A699D1DD227A400673FA1 /* GTInstructions_Hand_Pointer_Shadow@2x.png */,
				4F2A699E1DD227A400673FA1 /* GTInstructions_Hand_Pointer_Tap_Circle.png */,
				4F2A699F1DD227A400673FA1 /* line.png */,
				4F2A69A01DD227A400673FA1 /* NotoSansEthiopic-Bold.ttf */,
				4F2A69A11DD227A400673FA1 /* NotoSansEthiopic-Regular.ttf */,
				4F2A69A21DD227A400673FA1 /* Package_PopUpToolBar_Icon_Export.png */,
				4F2A69A31DD227A400673FA1 /* Package_PopUpToolBar_Icon_Export@2x.png */,
				4F2A69A41DD227A400673FA1 /* Package_PopUpToolBar_Icon_Help.png */,
				4F2A69A51DD227A400673FA1 /* Package_PopUpToolBar_Icon_Help@2x.png */,
				4F2A69A61DD227A400673FA1 /* Package_PopUpToolBar_Icon_Info.png */,
				4F2A69A71DD227A400673FA1 /* Package_PopUpToolBar_Icon_Info@2x.png */,
				4F2A69A81DD227A400673FA1 /* Package_PopUpToolBar_Icon_Menu.png */,
				4F2A69A91DD227A400673FA1 /* Package_PopUpToolBar_Icon_Menu@2x.png */,
				4F2A69AA1DD227A400673FA1 /* Package_PopUpToolBar_Icon_Switch.png */,
				4F2A69AB1DD227A400673FA1 /* Package_PopUpToolBar_Icon_Switch@2x.png */,
				4F2A69AC1DD227A400673FA1 /* URL_Button.png */,
				4F2A69AD1DD227A400673FA1 /* URL_Button@2x.png */,
				4F2A69AE1DD227A400673FA1 /* urlbutton.png */,
				4F2A69AF1DD227A400673FA1 /* urlbutton@2x.png */,
				4F2A69B01DD227A400673FA1 /* vline.png */,
			);
			path = Resources;
			sourceTree = "<group>";
		};
		4F41A0B51DAE65E400CDAE50 = {
			isa = PBXGroup;
			children = (
				4F8D318D1DAE91D5007BFA7F /* Podfile */,
				4F41A0C01DAE65E400CDAE50 /* godtools-swift */,
				4F41A0BF1DAE65E400CDAE50 /* Products */,
				B268938B2E1212C441DA9E99 /* Pods */,
				AEA421FE0190D0D1AF634683 /* Frameworks */,
			);
			sourceTree = "<group>";
		};
		4F41A0BF1DAE65E400CDAE50 /* Products */ = {
			isa = PBXGroup;
			children = (
				4F41A0BE1DAE65E400CDAE50 /* godtools-swift.app */,
			);
			name = Products;
			sourceTree = "<group>";
		};
		4F41A0C01DAE65E400CDAE50 /* godtools-swift */ = {
			isa = PBXGroup;
			children = (
				4FE859731DAFCBD2008AF462 /* GodTools-Bridging-Header.h */,
				4F8D318A1DAE9168007BFA7F /* API */,
				4FAC13771DC0EA2E00235457 /* Data Controllers */,
				4F41A0D61DAE689300CDAE50 /* Controllers */,
				4F04053B1DB1076300B8576E /* Persistence */,
				4FA06C8C1DC7AD8600AF4A0B /* Views */,
				4F2A69291DD21DA300673FA1 /* Renderer */,
				4F41A0C11DAE65E400CDAE50 /* AppDelegate.swift */,
				4F5F4ABF1DC109BE00B66E58 /* GodToolsSettings.swift */,
				4F41A0C51DAE65E400CDAE50 /* Main.storyboard */,
				4F41A0CB1DAE65E400CDAE50 /* Assets.xcassets */,
				4F41A0CD1DAE65E400CDAE50 /* LaunchScreen.storyboard */,
				4F41A0D01DAE65E400CDAE50 /* Info.plist */,
				4F41A0C81DAE65E400CDAE50 /* godtools_swift.xcdatamodeld */,
				4F170FF91DDFB2070057D693 /* GTModel.xcdatamodeld */,
				4F2A69881DD2231700673FA1 /* GTPrefixHeader.pch */,
			);
			path = "godtools-swift";
			sourceTree = "<group>";
		};
		4F41A0D61DAE689300CDAE50 /* Controllers */ = {
			isa = PBXGroup;
			children = (
				4FE859781DB018F9008AF462 /* HomeViewController.swift */,
				4F41A0D71DAE68BE00CDAE50 /* SettingsViewController.swift */,
				4F41A0D91DAE71D500CDAE50 /* LanguagesViewController.swift */,
			);
			name = Controllers;
			sourceTree = "<group>";
		};
		4F8D318A1DAE9168007BFA7F /* API */ = {
			isa = PBXGroup;
			children = (
				4F8D318B1DAE917E007BFA7F /* GodtoolsAPI.swift */,
				4F0405181DB1043700B8576E /* MetaResponseHandler.swift */,
				4FA06C8A1DC7770F00AF4A0B /* FullPackageResponseHandler.swift */,
			);
			name = API;
			sourceTree = "<group>";
		};
		4FA06C8C1DC7AD8600AF4A0B /* Views */ = {
			isa = PBXGroup;
			children = (
				4FA06C8D1DC7ADC900AF4A0B /* PackageTableViewCell.xib */,
				4FA06C8F1DC7AE7300AF4A0B /* PackageTableViewCell.swift */,
			);
			name = Views;
			sourceTree = "<group>";
		};
		4FAC13771DC0EA2E00235457 /* Data Controllers */ = {
			isa = PBXGroup;
			children = (
				4FAC13781DC0EA5E00235457 /* MetaDataController.swift */,
				4FDFAD7F1DC11A0400A753B2 /* PackageDataController.swift */,
			);
			name = "Data Controllers";
			sourceTree = "<group>";
		};
		AEA421FE0190D0D1AF634683 /* Frameworks */ = {
			isa = PBXGroup;
			children = (
				24CFB9C0F5C04FD806F7E69F /* Pods_godtools_swift.framework */,
			);
			name = Frameworks;
			sourceTree = "<group>";
		};
		B268938B2E1212C441DA9E99 /* Pods */ = {
			isa = PBXGroup;
			children = (
				134835C5A712929C9A58F5AA /* Pods-godtools-swift.debug.xcconfig */,
				14BF616718E4AB91D6E2DAA5 /* Pods-godtools-swift.release.xcconfig */,
			);
			name = Pods;
			sourceTree = "<group>";
		};
/* End PBXGroup section */

/* Begin PBXNativeTarget section */
		4F41A0BD1DAE65E400CDAE50 /* godtools-swift */ = {
			isa = PBXNativeTarget;
			buildConfigurationList = 4F41A0D31DAE65E400CDAE50 /* Build configuration list for PBXNativeTarget "godtools-swift" */;
			buildPhases = (
				77426A0EA460EE864154159B /* 📦 Check Pods Manifest.lock */,
				4F41A0BA1DAE65E400CDAE50 /* Sources */,
				4F41A0BB1DAE65E400CDAE50 /* Frameworks */,
				4F41A0BC1DAE65E400CDAE50 /* Resources */,
				69CA5897733C1E0C733F4FF9 /* 📦 Embed Pods Frameworks */,
				A631BAA4BD21B5780C7E27C0 /* 📦 Copy Pods Resources */,
			);
			buildRules = (
			);
			dependencies = (
			);
			name = "godtools-swift";
			productName = "godtools-swift";
			productReference = 4F41A0BE1DAE65E400CDAE50 /* godtools-swift.app */;
			productType = "com.apple.product-type.application";
		};
/* End PBXNativeTarget section */

/* Begin PBXProject section */
		4F41A0B61DAE65E400CDAE50 /* Project object */ = {
			isa = PBXProject;
			attributes = {
				LastSwiftUpdateCheck = 0800;
				LastUpgradeCheck = 0800;
				ORGANIZATIONNAME = Cru;
				TargetAttributes = {
					4F41A0BD1DAE65E400CDAE50 = {
						CreatedOnToolsVersion = 8.0;
						DevelopmentTeam = DQ48D9BF2V;
						LastSwiftMigration = 0800;
						ProvisioningStyle = Automatic;
					};
				};
			};
			buildConfigurationList = 4F41A0B91DAE65E400CDAE50 /* Build configuration list for PBXProject "godtools-swift" */;
			compatibilityVersion = "Xcode 3.2";
			developmentRegion = English;
			hasScannedForEncodings = 0;
			knownRegions = (
				en,
				Base,
			);
			mainGroup = 4F41A0B51DAE65E400CDAE50;
			productRefGroup = 4F41A0BF1DAE65E400CDAE50 /* Products */;
			projectDirPath = "";
			projectRoot = "";
			targets = (
				4F41A0BD1DAE65E400CDAE50 /* godtools-swift */,
			);
		};
/* End PBXProject section */

/* Begin PBXResourcesBuildPhase section */
		4F41A0BC1DAE65E400CDAE50 /* Resources */ = {
			isa = PBXResourcesBuildPhase;
			buildActionMask = 2147483647;
			files = (
				4F2A69D41DD227A400673FA1 /* urlbutton@2x.png in Resources */,
				4F2A69B81DD227A400673FA1 /* grad_shad_bot.png in Resources */,
				4F2A69C91DD227A400673FA1 /* Package_PopUpToolBar_Icon_Help.png in Resources */,
				4FA06C8E1DC7ADC900AF4A0B /* PackageTableViewCell.xib in Resources */,
				4F2A69B71DD227A400673FA1 /* fiftytap.mp3 in Resources */,
				4F2A69B51DD227A400673FA1 /* Buttonlines_large.png in Resources */,
				4F2A69C31DD227A400673FA1 /* GTInstructions_Hand_Pointer_Tap_Circle.png in Resources */,
				4F2A69BC1DD227A400673FA1 /* grad_shad_SE.png in Resources */,
				4F2A69D31DD227A400673FA1 /* urlbutton.png in Resources */,
				4F2A697E1DD21DA300673FA1 /* GTPage.xib in Resources */,
				4F2A69B61DD227A400673FA1 /* GTViewController.strings in Resources */,
				4F2A69B21DD227A400673FA1 /* arrow.png in Resources */,
				4F2A69CF1DD227A400673FA1 /* Package_PopUpToolBar_Icon_Switch.png in Resources */,
				4F2A69BE1DD227A400673FA1 /* grad_shad_top.png in Resources */,
				4F2A69D21DD227A400673FA1 /* URL_Button@2x.png in Resources */,
				4F2A69C01DD227A400673FA1 /* GTInstructions_Hand_Pointer@2x.png in Resources */,
				4F41A0CF1DAE65E400CDAE50 /* LaunchScreen.storyboard in Resources */,
				4F2A69C41DD227A400673FA1 /* line.png in Resources */,
				4F2A69761DD21DA300673FA1 /* GTPageMenuViewController.xib in Resources */,
				4F2A69B11DD227A400673FA1 /* AbyssinicaSIL-R.ttf in Resources */,
				4F41A0CC1DAE65E400CDAE50 /* Assets.xcassets in Resources */,
				4F2A69D01DD227A400673FA1 /* Package_PopUpToolBar_Icon_Switch@2x.png in Resources */,
				4F2A697B1DD21DA300673FA1 /* GTAboutViewController.xib in Resources */,
				4F2A69CB1DD227A400673FA1 /* Package_PopUpToolBar_Icon_Info.png in Resources */,
				4F2A69B31DD227A400673FA1 /* arrow@2x.png in Resources */,
				4F2A69C81DD227A400673FA1 /* Package_PopUpToolBar_Icon_Export@2x.png in Resources */,
				4F2A69C71DD227A400673FA1 /* Package_PopUpToolBar_Icon_Export.png in Resources */,
				4F2A69CE1DD227A400673FA1 /* Package_PopUpToolBar_Icon_Menu@2x.png in Resources */,
				4F2A69B91DD227A400673FA1 /* grad_shad_E.png in Resources */,
				4F2A69C51DD227A400673FA1 /* NotoSansEthiopic-Bold.ttf in Resources */,
				4F8D318E1DAE91D5007BFA7F /* Podfile in Resources */,
				4F2A69BA1DD227A400673FA1 /* grad_shad_NE.png in Resources */,
				4F2A69C61DD227A400673FA1 /* NotoSansEthiopic-Regular.ttf in Resources */,
				4F2A69CD1DD227A400673FA1 /* Package_PopUpToolBar_Icon_Menu.png in Resources */,
				4F2A69C21DD227A400673FA1 /* GTInstructions_Hand_Pointer_Shadow@2x.png in Resources */,
				4F2A69CC1DD227A400673FA1 /* Package_PopUpToolBar_Icon_Info@2x.png in Resources */,
				4F2A69B41DD227A400673FA1 /* Buttonlines.png in Resources */,
				4F2A69BB1DD227A400673FA1 /* grad_shad_S.png in Resources */,
				4F2A69D51DD227A400673FA1 /* vline.png in Resources */,
				4F2A69BF1DD227A400673FA1 /* GTInstructions_Hand_Pointer.png in Resources */,
				4F2A69CA1DD227A400673FA1 /* Package_PopUpToolBar_Icon_Help@2x.png in Resources */,
				4F2A69C11DD227A400673FA1 /* GTInstructions_Hand_Pointer_Shadow.png in Resources */,
				4F41A0C71DAE65E400CDAE50 /* Main.storyboard in Resources */,
				4F2A69D11DD227A400673FA1 /* URL_Button.png in Resources */,
				4F2A69781DD21DA300673FA1 /* GTViewController.xib in Resources */,
				4F2A69BD1DD227A400673FA1 /* grad_shad_SW.png in Resources */,
			);
			runOnlyForDeploymentPostprocessing = 0;
		};
/* End PBXResourcesBuildPhase section */

/* Begin PBXShellScriptBuildPhase section */
		69CA5897733C1E0C733F4FF9 /* 📦 Embed Pods Frameworks */ = {
			isa = PBXShellScriptBuildPhase;
			buildActionMask = 2147483647;
			files = (
			);
			inputPaths = (
			);
			name = "📦 Embed Pods Frameworks";
			outputPaths = (
			);
			runOnlyForDeploymentPostprocessing = 0;
			shellPath = /bin/sh;
			shellScript = "\"${SRCROOT}/Pods/Target Support Files/Pods-godtools-swift/Pods-godtools-swift-frameworks.sh\"\n";
			showEnvVarsInLog = 0;
		};
		77426A0EA460EE864154159B /* 📦 Check Pods Manifest.lock */ = {
			isa = PBXShellScriptBuildPhase;
			buildActionMask = 2147483647;
			files = (
			);
			inputPaths = (
			);
			name = "📦 Check Pods Manifest.lock";
			outputPaths = (
			);
			runOnlyForDeploymentPostprocessing = 0;
			shellPath = /bin/sh;
			shellScript = "diff \"${PODS_ROOT}/../Podfile.lock\" \"${PODS_ROOT}/Manifest.lock\" > /dev/null\nif [[ $? != 0 ]] ; then\n    cat << EOM\nerror: The sandbox is not in sync with the Podfile.lock. Run 'pod install' or update your CocoaPods installation.\nEOM\n    exit 1\nfi\n";
			showEnvVarsInLog = 0;
		};
		A631BAA4BD21B5780C7E27C0 /* 📦 Copy Pods Resources */ = {
			isa = PBXShellScriptBuildPhase;
			buildActionMask = 2147483647;
			files = (
			);
			inputPaths = (
			);
			name = "📦 Copy Pods Resources";
			outputPaths = (
			);
			runOnlyForDeploymentPostprocessing = 0;
			shellPath = /bin/sh;
			shellScript = "\"${SRCROOT}/Pods/Target Support Files/Pods-godtools-swift/Pods-godtools-swift-resources.sh\"\n";
			showEnvVarsInLog = 0;
		};
/* End PBXShellScriptBuildPhase section */

/* Begin PBXSourcesBuildPhase section */
		4F41A0BA1DAE65E400CDAE50 /* Sources */ = {
			isa = PBXSourcesBuildPhase;
			buildActionMask = 2147483647;
			files = (
				4F2A696F1DD21DA300673FA1 /* SNInstructions.m in Sources */,
				4F2A696D1DD21DA300673FA1 /* GTShareInfo.m in Sources */,
				4F8D318C1DAE917E007BFA7F /* GodtoolsAPI.swift in Sources */,
				4FAC13791DC0EA5E00235457 /* MetaDataController.swift in Sources */,
				4F2A69691DD21DA300673FA1 /* GTFollowupThankYouView.m in Sources */,
				4F41A0C21DAE65E400CDAE50 /* AppDelegate.swift in Sources */,
				4F2A697A1DD21DA300673FA1 /* GTAboutViewController.m in Sources */,
				4F0405191DB1043700B8576E /* MetaResponseHandler.swift in Sources */,
				4F2A69701DD21DA300673FA1 /* UIDisclosureIndicator.m in Sources */,
				4F41A0CA1DAE65E400CDAE50 /* godtools_swift.xcdatamodeld in Sources */,
				4F2A696A1DD21DA300673FA1 /* GTInputFieldView.m in Sources */,
				4F17100E1DDFB36F0057D693 /* GTPackage+CoreDataProperties.m in Sources */,
				4F17100C1DDFB36F0057D693 /* GTFollowUpSubscription+CoreDataProperties.m in Sources */,
				4F2A697C1DD21DA300673FA1 /* GTInterpreter.m in Sources */,
				4F5F4ABD1DC0FE9D00B66E58 /* GodToolsPackage+CoreDataClass.swift in Sources */,
				4F2A69681DD21DA300673FA1 /* GTFollowupModalView.m in Sources */,
				4F2A69731DD21DA300673FA1 /* UISnufflePanel.m in Sources */,
				4F1710141DDFB5090057D693 /* GTLegacyPersistence.swift in Sources */,
				4F04053D1DB1078A00B8576E /* GodToolsPersistence.swift in Sources */,
				4F5F4ABE1DC0FE9D00B66E58 /* GodToolsPackage+CoreDataProperties.swift in Sources */,
				4F75D5A21DB501DE0067B383 /* GodToolsLanguage+CoreDataClass.swift in Sources */,
				4F2A69741DD21DA300673FA1 /* GTFollowupViewController.m in Sources */,
				4F2A69771DD21DA300673FA1 /* GTViewController.m in Sources */,
				4F41A0DA1DAE71D500CDAE50 /* LanguagesViewController.swift in Sources */,
				4F2A696B1DD21DA300673FA1 /* GTLabel.m in Sources */,
				4F41A0D81DAE68BE00CDAE50 /* SettingsViewController.swift in Sources */,
				4F2A69821DD21DA300673FA1 /* TBXML+Compression.m in Sources */,
				4F1710121DDFB4750057D693 /* GodToolsDataMigration.swift in Sources */,
				4F5F4AC01DC109BE00B66E58 /* GodToolsSettings.swift in Sources */,
				4F2A697D1DD21DA300673FA1 /* GTPage.m in Sources */,
				4F1710101DDFB36F0057D693 /* GTLanguage+CoreDataProperties.m in Sources */,
				4F17100B1DDFB36F0057D693 /* GTFollowUpSubscription+CoreDataClass.m in Sources */,
				4F75D5A31DB501DE0067B383 /* GodToolsLanguage+CoreDataProperties.swift in Sources */,
				4FDFAD801DC11A0400A753B2 /* PackageDataController.swift in Sources */,
				4F170FFD1DDFB2070057D693 /* GTModel.xcdatamodeld in Sources */,
				4FA06C901DC7AE7300AF4A0B /* PackageTableViewCell.swift in Sources */,
				4FA06C8B1DC7770F00AF4A0B /* FullPackageResponseHandler.swift in Sources */,
				4F2A69751DD21DA300673FA1 /* GTPageMenuViewController.m in Sources */,
				4F2A69721DD21DA300673FA1 /* UISnuffleButton.m in Sources */,
				4F2A696E1DD21DA300673FA1 /* GTShareViewController.m in Sources */,
				4F17100F1DDFB36F0057D693 /* GTLanguage+CoreDataClass.m in Sources */,
				4F2A696C1DD21DA300673FA1 /* GTMultiButtonResponseView.m in Sources */,
				4F2A69671DD21DA300673FA1 /* GTFileLoader.m in Sources */,
				4F2A69831DD21DA300673FA1 /* TBXML+HTTP.m in Sources */,
				4F17100D1DDFB36F0057D693 /* GTPackage+CoreDataClass.m in Sources */,
				4F2A697F1DD21DA300673FA1 /* GTPageInterpreter.m in Sources */,
				4F2A69811DD21DA300673FA1 /* GTPageStyleAmharic.m in Sources */,
				4FE859791DB018F9008AF462 /* HomeViewController.swift in Sources */,
				4F2A69801DD21DA300673FA1 /* GTPageStyle.m in Sources */,
				4F2A69711DD21DA300673FA1 /* UIRoundedView.m in Sources */,
				4F2A69841DD21DA300673FA1 /* TBXML.m in Sources */,
				4F2A69871DD222A100673FA1 /* HorizontalGestureRecognizer.m in Sources */,
			);
			runOnlyForDeploymentPostprocessing = 0;
		};
/* End PBXSourcesBuildPhase section */

/* Begin PBXVariantGroup section */
		4F2A69901DD227A400673FA1 /* GTViewController.strings */ = {
			isa = PBXVariantGroup;
			children = (
				4F2A69911DD227A400673FA1 /* en */,
			);
			name = GTViewController.strings;
			sourceTree = "<group>";
		};
		4F41A0C51DAE65E400CDAE50 /* Main.storyboard */ = {
			isa = PBXVariantGroup;
			children = (
				4F41A0C61DAE65E400CDAE50 /* Base */,
			);
			name = Main.storyboard;
			sourceTree = "<group>";
		};
		4F41A0CD1DAE65E400CDAE50 /* LaunchScreen.storyboard */ = {
			isa = PBXVariantGroup;
			children = (
				4F41A0CE1DAE65E400CDAE50 /* Base */,
			);
			name = LaunchScreen.storyboard;
			sourceTree = "<group>";
		};
/* End PBXVariantGroup section */

/* Begin XCBuildConfiguration section */
		4F41A0D11DAE65E400CDAE50 /* Debug */ = {
			isa = XCBuildConfiguration;
			buildSettings = {
				ALWAYS_SEARCH_USER_PATHS = NO;
				CLANG_ANALYZER_NONNULL = YES;
				CLANG_CXX_LANGUAGE_STANDARD = "gnu++0x";
				CLANG_CXX_LIBRARY = "libc++";
				CLANG_ENABLE_MODULES = YES;
				CLANG_ENABLE_OBJC_ARC = YES;
				CLANG_WARN_BOOL_CONVERSION = YES;
				CLANG_WARN_CONSTANT_CONVERSION = YES;
				CLANG_WARN_DIRECT_OBJC_ISA_USAGE = YES_ERROR;
				CLANG_WARN_DOCUMENTATION_COMMENTS = YES;
				CLANG_WARN_EMPTY_BODY = YES;
				CLANG_WARN_ENUM_CONVERSION = YES;
				CLANG_WARN_INFINITE_RECURSION = YES;
				CLANG_WARN_INT_CONVERSION = YES;
				CLANG_WARN_OBJC_ROOT_CLASS = YES_ERROR;
				CLANG_WARN_SUSPICIOUS_MOVE = YES;
				CLANG_WARN_SUSPICIOUS_MOVES = YES;
				CLANG_WARN_UNREACHABLE_CODE = YES;
				CLANG_WARN__DUPLICATE_METHOD_MATCH = YES;
				"CODE_SIGN_IDENTITY[sdk=iphoneos*]" = "iPhone Developer";
				COPY_PHASE_STRIP = NO;
				DEBUG_INFORMATION_FORMAT = dwarf;
				ENABLE_STRICT_OBJC_MSGSEND = YES;
				ENABLE_TESTABILITY = YES;
				GCC_C_LANGUAGE_STANDARD = gnu99;
				GCC_DYNAMIC_NO_PIC = NO;
				GCC_NO_COMMON_BLOCKS = YES;
				GCC_OPTIMIZATION_LEVEL = 0;
				GCC_PREPROCESSOR_DEFINITIONS = (
					"DEBUG=1",
					"$(inherited)",
				);
				GCC_WARN_64_TO_32_BIT_CONVERSION = YES;
				GCC_WARN_ABOUT_RETURN_TYPE = YES_ERROR;
				GCC_WARN_UNDECLARED_SELECTOR = YES;
				GCC_WARN_UNINITIALIZED_AUTOS = YES_AGGRESSIVE;
				GCC_WARN_UNUSED_FUNCTION = YES;
				GCC_WARN_UNUSED_VARIABLE = YES;
				IPHONEOS_DEPLOYMENT_TARGET = 9.0;
				MTL_ENABLE_DEBUG_INFO = YES;
				ONLY_ACTIVE_ARCH = YES;
				SDKROOT = iphoneos;
				SWIFT_ACTIVE_COMPILATION_CONDITIONS = DEBUG;
				SWIFT_OPTIMIZATION_LEVEL = "-Onone";
				TARGETED_DEVICE_FAMILY = "1,2";
			};
			name = Debug;
		};
		4F41A0D21DAE65E400CDAE50 /* Release */ = {
			isa = XCBuildConfiguration;
			buildSettings = {
				ALWAYS_SEARCH_USER_PATHS = NO;
				CLANG_ANALYZER_NONNULL = YES;
				CLANG_CXX_LANGUAGE_STANDARD = "gnu++0x";
				CLANG_CXX_LIBRARY = "libc++";
				CLANG_ENABLE_MODULES = YES;
				CLANG_ENABLE_OBJC_ARC = YES;
				CLANG_WARN_BOOL_CONVERSION = YES;
				CLANG_WARN_CONSTANT_CONVERSION = YES;
				CLANG_WARN_DIRECT_OBJC_ISA_USAGE = YES_ERROR;
				CLANG_WARN_DOCUMENTATION_COMMENTS = YES;
				CLANG_WARN_EMPTY_BODY = YES;
				CLANG_WARN_ENUM_CONVERSION = YES;
				CLANG_WARN_INFINITE_RECURSION = YES;
				CLANG_WARN_INT_CONVERSION = YES;
				CLANG_WARN_OBJC_ROOT_CLASS = YES_ERROR;
				CLANG_WARN_SUSPICIOUS_MOVE = YES;
				CLANG_WARN_SUSPICIOUS_MOVES = YES;
				CLANG_WARN_UNREACHABLE_CODE = YES;
				CLANG_WARN__DUPLICATE_METHOD_MATCH = YES;
				"CODE_SIGN_IDENTITY[sdk=iphoneos*]" = "iPhone Developer";
				COPY_PHASE_STRIP = NO;
				DEBUG_INFORMATION_FORMAT = "dwarf-with-dsym";
				ENABLE_NS_ASSERTIONS = NO;
				ENABLE_STRICT_OBJC_MSGSEND = YES;
				GCC_C_LANGUAGE_STANDARD = gnu99;
				GCC_NO_COMMON_BLOCKS = YES;
				GCC_WARN_64_TO_32_BIT_CONVERSION = YES;
				GCC_WARN_ABOUT_RETURN_TYPE = YES_ERROR;
				GCC_WARN_UNDECLARED_SELECTOR = YES;
				GCC_WARN_UNINITIALIZED_AUTOS = YES_AGGRESSIVE;
				GCC_WARN_UNUSED_FUNCTION = YES;
				GCC_WARN_UNUSED_VARIABLE = YES;
				IPHONEOS_DEPLOYMENT_TARGET = 9.0;
				MTL_ENABLE_DEBUG_INFO = NO;
				SDKROOT = iphoneos;
				SWIFT_OPTIMIZATION_LEVEL = "-Owholemodule";
				TARGETED_DEVICE_FAMILY = "1,2";
				VALIDATE_PRODUCT = YES;
			};
			name = Release;
		};
		4F41A0D41DAE65E400CDAE50 /* Debug */ = {
			isa = XCBuildConfiguration;
			baseConfigurationReference = 134835C5A712929C9A58F5AA /* Pods-godtools-swift.debug.xcconfig */;
			buildSettings = {
				ALWAYS_EMBED_SWIFT_STANDARD_LIBRARIES = YES;
				ASSETCATALOG_COMPILER_APPICON_NAME = AppIcon;
				CLANG_ENABLE_MODULES = YES;
				DEFINES_MODULE = YES;
				DEVELOPMENT_TEAM = DQ48D9BF2V;
				GCC_PRECOMPILE_PREFIX_HEADER = YES;
				GCC_PREFIX_HEADER = "${SRCROOT}/godtools-swift/GTPrefixHeader.pch";
				INFOPLIST_FILE = "godtools-swift/Info.plist";
				LD_RUNPATH_SEARCH_PATHS = "$(inherited) @executable_path/Frameworks";
				PRODUCT_BUNDLE_IDENTIFIER = org.cru.godtools;
				PRODUCT_NAME = "$(TARGET_NAME)";
				SWIFT_INSTALL_OBJC_HEADER = YES;
				SWIFT_OBJC_BRIDGING_HEADER = "godtools-swift/GodTools-Bridging-Header.h";
				SWIFT_OPTIMIZATION_LEVEL = "-Onone";
				SWIFT_VERSION = 3.0;
			};
			name = Debug;
		};
		4F41A0D51DAE65E400CDAE50 /* Release */ = {
			isa = XCBuildConfiguration;
			baseConfigurationReference = 14BF616718E4AB91D6E2DAA5 /* Pods-godtools-swift.release.xcconfig */;
			buildSettings = {
				ALWAYS_EMBED_SWIFT_STANDARD_LIBRARIES = YES;
				ASSETCATALOG_COMPILER_APPICON_NAME = AppIcon;
				CLANG_ENABLE_MODULES = YES;
				DEFINES_MODULE = YES;
				DEVELOPMENT_TEAM = DQ48D9BF2V;
				GCC_PRECOMPILE_PREFIX_HEADER = YES;
				GCC_PREFIX_HEADER = "${SRCROOT}/godtools-swift/GTPrefixHeader.pch";
				INFOPLIST_FILE = "godtools-swift/Info.plist";
				LD_RUNPATH_SEARCH_PATHS = "$(inherited) @executable_path/Frameworks";
				PRODUCT_BUNDLE_IDENTIFIER = org.cru.godtools;
				PRODUCT_NAME = "$(TARGET_NAME)";
				SWIFT_INSTALL_OBJC_HEADER = YES;
				SWIFT_OBJC_BRIDGING_HEADER = "godtools-swift/GodTools-Bridging-Header.h";
				SWIFT_VERSION = 3.0;
			};
			name = Release;
		};
/* End XCBuildConfiguration section */

/* Begin XCConfigurationList section */
		4F41A0B91DAE65E400CDAE50 /* Build configuration list for PBXProject "godtools-swift" */ = {
			isa = XCConfigurationList;
			buildConfigurations = (
				4F41A0D11DAE65E400CDAE50 /* Debug */,
				4F41A0D21DAE65E400CDAE50 /* Release */,
			);
			defaultConfigurationIsVisible = 0;
			defaultConfigurationName = Release;
		};
		4F41A0D31DAE65E400CDAE50 /* Build configuration list for PBXNativeTarget "godtools-swift" */ = {
			isa = XCConfigurationList;
			buildConfigurations = (
				4F41A0D41DAE65E400CDAE50 /* Debug */,
				4F41A0D51DAE65E400CDAE50 /* Release */,
			);
			defaultConfigurationIsVisible = 0;
			defaultConfigurationName = Release;
		};
/* End XCConfigurationList section */

/* Begin XCVersionGroup section */
		4F170FF91DDFB2070057D693 /* GTModel.xcdatamodeld */ = {
			isa = XCVersionGroup;
			children = (
				4F170FFA1DDFB2070057D693 /* GTModel-2.xcdatamodel */,
				4F170FFB1DDFB2070057D693 /* GTModel-3.xcdatamodel */,
				4F170FFC1DDFB2070057D693 /* GTModel.xcdatamodel */,
			);
			currentVersion = 4F170FFB1DDFB2070057D693 /* GTModel-3.xcdatamodel */;
			path = GTModel.xcdatamodeld;
			sourceTree = "<group>";
			versionGroupType = wrapper.xcdatamodel;
		};
		4F41A0C81DAE65E400CDAE50 /* godtools_swift.xcdatamodeld */ = {
			isa = XCVersionGroup;
			children = (
				4F41A0C91DAE65E400CDAE50 /* godtools_swift.xcdatamodel */,
			);
			currentVersion = 4F41A0C91DAE65E400CDAE50 /* godtools_swift.xcdatamodel */;
			path = godtools_swift.xcdatamodeld;
			sourceTree = "<group>";
			versionGroupType = wrapper.xcdatamodel;
		};
/* End XCVersionGroup section */
	};
	rootObject = 4F41A0B61DAE65E400CDAE50 /* Project object */;
}
